// !$*UTF8*$!
{
	archiveVersion = 1;
	classes = {
	};
	objectVersion = 55;
	objects = {

/* Begin PBXBuildFile section */
		042DC2A4285B5B3F008FB972 /* AppDelegate.swift in Sources */ = {isa = PBXBuildFile; fileRef = 042DC2A3285B5B3F008FB972 /* AppDelegate.swift */; };
		042DC2A6285B5B3F008FB972 /* SceneDelegate.swift in Sources */ = {isa = PBXBuildFile; fileRef = 042DC2A5285B5B3F008FB972 /* SceneDelegate.swift */; };
		042DC2A8285B5B3F008FB972 /* ViewController.swift in Sources */ = {isa = PBXBuildFile; fileRef = 042DC2A7285B5B3F008FB972 /* ViewController.swift */; };
		042DC2AD285B5B42008FB972 /* Assets.xcassets in Resources */ = {isa = PBXBuildFile; fileRef = 042DC2AC285B5B42008FB972 /* Assets.xcassets */; };
		042DC2B0285B5B42008FB972 /* LaunchScreen.storyboard in Resources */ = {isa = PBXBuildFile; fileRef = 042DC2AE285B5B42008FB972 /* LaunchScreen.storyboard */; };
		042DC2BB285B5B42008FB972 /* MintynDigitalBankTests.swift in Sources */ = {isa = PBXBuildFile; fileRef = 042DC2BA285B5B42008FB972 /* MintynDigitalBankTests.swift */; };
		042DC2C5285B5B42008FB972 /* MintynDigitalBankUITests.swift in Sources */ = {isa = PBXBuildFile; fileRef = 042DC2C4285B5B42008FB972 /* MintynDigitalBankUITests.swift */; };
		042DC2C7285B5B42008FB972 /* MintynDigitalBankUITestsLaunchTests.swift in Sources */ = {isa = PBXBuildFile; fileRef = 042DC2C6285B5B42008FB972 /* MintynDigitalBankUITestsLaunchTests.swift */; };
/* End PBXBuildFile section */

/* Begin PBXContainerItemProxy section */
		042DC2B7285B5B42008FB972 /* PBXContainerItemProxy */ = {
			isa = PBXContainerItemProxy;
			containerPortal = 042DC298285B5B3F008FB972 /* Project object */;
			proxyType = 1;
			remoteGlobalIDString = 042DC29F285B5B3F008FB972;
			remoteInfo = MintynDigitalBank;
		};
		042DC2C1285B5B42008FB972 /* PBXContainerItemProxy */ = {
			isa = PBXContainerItemProxy;
			containerPortal = 042DC298285B5B3F008FB972 /* Project object */;
			proxyType = 1;
			remoteGlobalIDString = 042DC29F285B5B3F008FB972;
			remoteInfo = MintynDigitalBank;
		};
/* End PBXContainerItemProxy section */

/* Begin PBXFileReference section */
		042DC2A0285B5B3F008FB972 /* MintynDigitalBank.app */ = {isa = PBXFileReference; explicitFileType = wrapper.application; includeInIndex = 0; path = MintynDigitalBank.app; sourceTree = BUILT_PRODUCTS_DIR; };
		042DC2A3285B5B3F008FB972 /* AppDelegate.swift */ = {isa = PBXFileReference; lastKnownFileType = sourcecode.swift; path = AppDelegate.swift; sourceTree = "<group>"; };
		042DC2A5285B5B3F008FB972 /* SceneDelegate.swift */ = {isa = PBXFileReference; lastKnownFileType = sourcecode.swift; path = SceneDelegate.swift; sourceTree = "<group>"; };
		042DC2A7285B5B3F008FB972 /* ViewController.swift */ = {isa = PBXFileReference; lastKnownFileType = sourcecode.swift; path = ViewController.swift; sourceTree = "<group>"; };
		042DC2AC285B5B42008FB972 /* Assets.xcassets */ = {isa = PBXFileReference; lastKnownFileType = folder.assetcatalog; path = Assets.xcassets; sourceTree = "<group>"; };
		042DC2AF285B5B42008FB972 /* Base */ = {isa = PBXFileReference; lastKnownFileType = file.storyboard; name = Base; path = Base.lproj/LaunchScreen.storyboard; sourceTree = "<group>"; };
		042DC2B1285B5B42008FB972 /* Info.plist */ = {isa = PBXFileReference; lastKnownFileType = text.plist.xml; path = Info.plist; sourceTree = "<group>"; };
		042DC2B6285B5B42008FB972 /* MintynDigitalBankTests.xctest */ = {isa = PBXFileReference; explicitFileType = wrapper.cfbundle; includeInIndex = 0; path = MintynDigitalBankTests.xctest; sourceTree = BUILT_PRODUCTS_DIR; };
		042DC2BA285B5B42008FB972 /* MintynDigitalBankTests.swift */ = {isa = PBXFileReference; lastKnownFileType = sourcecode.swift; path = MintynDigitalBankTests.swift; sourceTree = "<group>"; };
		042DC2C0285B5B42008FB972 /* MintynDigitalBankUITests.xctest */ = {isa = PBXFileReference; explicitFileType = wrapper.cfbundle; includeInIndex = 0; path = MintynDigitalBankUITests.xctest; sourceTree = BUILT_PRODUCTS_DIR; };
		042DC2C4285B5B42008FB972 /* MintynDigitalBankUITests.swift */ = {isa = PBXFileReference; lastKnownFileType = sourcecode.swift; path = MintynDigitalBankUITests.swift; sourceTree = "<group>"; };
		042DC2C6285B5B42008FB972 /* MintynDigitalBankUITestsLaunchTests.swift */ = {isa = PBXFileReference; lastKnownFileType = sourcecode.swift; path = MintynDigitalBankUITestsLaunchTests.swift; sourceTree = "<group>"; };
/* End PBXFileReference section */

/* Begin PBXFrameworksBuildPhase section */
		042DC29D285B5B3F008FB972 /* Frameworks */ = {
			isa = PBXFrameworksBuildPhase;
			buildActionMask = 2147483647;
			files = (
			);
			runOnlyForDeploymentPostprocessing = 0;
		};
		042DC2B3285B5B42008FB972 /* Frameworks */ = {
			isa = PBXFrameworksBuildPhase;
			buildActionMask = 2147483647;
			files = (
			);
			runOnlyForDeploymentPostprocessing = 0;
		};
		042DC2BD285B5B42008FB972 /* Frameworks */ = {
			isa = PBXFrameworksBuildPhase;
			buildActionMask = 2147483647;
			files = (
			);
			runOnlyForDeploymentPostprocessing = 0;
		};
/* End PBXFrameworksBuildPhase section */

/* Begin PBXGroup section */
		042DC297285B5B3F008FB972 = {
			isa = PBXGroup;
			children = (
				042DC2A2285B5B3F008FB972 /* MintynDigitalBank */,
				042DC2B9285B5B42008FB972 /* MintynDigitalBankTests */,
				042DC2C3285B5B42008FB972 /* MintynDigitalBankUITests */,
				042DC2A1285B5B3F008FB972 /* Products */,
			);
			sourceTree = "<group>";
		};
		042DC2A1285B5B3F008FB972 /* Products */ = {
			isa = PBXGroup;
			children = (
				042DC2A0285B5B3F008FB972 /* MintynDigitalBank.app */,
				042DC2B6285B5B42008FB972 /* MintynDigitalBankTests.xctest */,
				042DC2C0285B5B42008FB972 /* MintynDigitalBankUITests.xctest */,
			);
			name = Products;
			sourceTree = "<group>";
		};
		042DC2A2285B5B3F008FB972 /* MintynDigitalBank */ = {
			isa = PBXGroup;
			children = (
				042DC2A3285B5B3F008FB972 /* AppDelegate.swift */,
				042DC2A5285B5B3F008FB972 /* SceneDelegate.swift */,
				042DC2A7285B5B3F008FB972 /* ViewController.swift */,
				042DC2AC285B5B42008FB972 /* Assets.xcassets */,
				042DC2AE285B5B42008FB972 /* LaunchScreen.storyboard */,
				042DC2B1285B5B42008FB972 /* Info.plist */,
			);
			path = MintynDigitalBank;
			sourceTree = "<group>";
		};
		042DC2B9285B5B42008FB972 /* MintynDigitalBankTests */ = {
			isa = PBXGroup;
			children = (
				042DC2BA285B5B42008FB972 /* MintynDigitalBankTests.swift */,
			);
			path = MintynDigitalBankTests;
			sourceTree = "<group>";
		};
		042DC2C3285B5B42008FB972 /* MintynDigitalBankUITests */ = {
			isa = PBXGroup;
			children = (
				042DC2C4285B5B42008FB972 /* MintynDigitalBankUITests.swift */,
				042DC2C6285B5B42008FB972 /* MintynDigitalBankUITestsLaunchTests.swift */,
			);
			path = MintynDigitalBankUITests;
			sourceTree = "<group>";
		};
/* End PBXGroup section */

/* Begin PBXNativeTarget section */
		042DC29F285B5B3F008FB972 /* MintynDigitalBank */ = {
			isa = PBXNativeTarget;
			buildConfigurationList = 042DC2CA285B5B42008FB972 /* Build configuration list for PBXNativeTarget "MintynDigitalBank" */;
			buildPhases = (
				042DC29C285B5B3F008FB972 /* Sources */,
				042DC29D285B5B3F008FB972 /* Frameworks */,
				042DC29E285B5B3F008FB972 /* Resources */,
			);
			buildRules = (
			);
			dependencies = (
			);
			name = MintynDigitalBank;
			productName = MintynDigitalBank;
			productReference = 042DC2A0285B5B3F008FB972 /* MintynDigitalBank.app */;
			productType = "com.apple.product-type.application";
		};
		042DC2B5285B5B42008FB972 /* MintynDigitalBankTests */ = {
			isa = PBXNativeTarget;
			buildConfigurationList = 042DC2CD285B5B42008FB972 /* Build configuration list for PBXNativeTarget "MintynDigitalBankTests" */;
			buildPhases = (
				042DC2B2285B5B42008FB972 /* Sources */,
				042DC2B3285B5B42008FB972 /* Frameworks */,
				042DC2B4285B5B42008FB972 /* Resources */,
			);
			buildRules = (
			);
			dependencies = (
				042DC2B8285B5B42008FB972 /* PBXTargetDependency */,
			);
			name = MintynDigitalBankTests;
			productName = MintynDigitalBankTests;
			productReference = 042DC2B6285B5B42008FB972 /* MintynDigitalBankTests.xctest */;
			productType = "com.apple.product-type.bundle.unit-test";
		};
		042DC2BF285B5B42008FB972 /* MintynDigitalBankUITests */ = {
			isa = PBXNativeTarget;
			buildConfigurationList = 042DC2D0285B5B42008FB972 /* Build configuration list for PBXNativeTarget "MintynDigitalBankUITests" */;
			buildPhases = (
				042DC2BC285B5B42008FB972 /* Sources */,
				042DC2BD285B5B42008FB972 /* Frameworks */,
				042DC2BE285B5B42008FB972 /* Resources */,
			);
			buildRules = (
			);
			dependencies = (
				042DC2C2285B5B42008FB972 /* PBXTargetDependency */,
			);
			name = MintynDigitalBankUITests;
			productName = MintynDigitalBankUITests;
			productReference = 042DC2C0285B5B42008FB972 /* MintynDigitalBankUITests.xctest */;
			productType = "com.apple.product-type.bundle.ui-testing";
		};
/* End PBXNativeTarget section */

/* Begin PBXProject section */
		042DC298285B5B3F008FB972 /* Project object */ = {
			isa = PBXProject;
			attributes = {
				BuildIndependentTargetsInParallel = 1;
				LastSwiftUpdateCheck = 1340;
				LastUpgradeCheck = 1340;
				TargetAttributes = {
					042DC29F285B5B3F008FB972 = {
						CreatedOnToolsVersion = 13.4.1;
					};
					042DC2B5285B5B42008FB972 = {
						CreatedOnToolsVersion = 13.4.1;
						TestTargetID = 042DC29F285B5B3F008FB972;
					};
					042DC2BF285B5B42008FB972 = {
						CreatedOnToolsVersion = 13.4.1;
						TestTargetID = 042DC29F285B5B3F008FB972;
					};
				};
			};
			buildConfigurationList = 042DC29B285B5B3F008FB972 /* Build configuration list for PBXProject "MintynDigitalBank" */;
			compatibilityVersion = "Xcode 13.0";
			developmentRegion = en;
			hasScannedForEncodings = 0;
			knownRegions = (
				en,
				Base,
			);
			mainGroup = 042DC297285B5B3F008FB972;
			productRefGroup = 042DC2A1285B5B3F008FB972 /* Products */;
			projectDirPath = "";
			projectRoot = "";
			targets = (
				042DC29F285B5B3F008FB972 /* MintynDigitalBank */,
				042DC2B5285B5B42008FB972 /* MintynDigitalBankTests */,
				042DC2BF285B5B42008FB972 /* MintynDigitalBankUITests */,
			);
		};
/* End PBXProject section */

/* Begin PBXResourcesBuildPhase section */
		042DC29E285B5B3F008FB972 /* Resources */ = {
			isa = PBXResourcesBuildPhase;
			buildActionMask = 2147483647;
			files = (
				042DC2B0285B5B42008FB972 /* LaunchScreen.storyboard in Resources */,
				042DC2AD285B5B42008FB972 /* Assets.xcassets in Resources */,
			);
			runOnlyForDeploymentPostprocessing = 0;
		};
		042DC2B4285B5B42008FB972 /* Resources */ = {
			isa = PBXResourcesBuildPhase;
			buildActionMask = 2147483647;
			files = (
			);
			runOnlyForDeploymentPostprocessing = 0;
		};
		042DC2BE285B5B42008FB972 /* Resources */ = {
			isa = PBXResourcesBuildPhase;
			buildActionMask = 2147483647;
			files = (
			);
			runOnlyForDeploymentPostprocessing = 0;
		};
/* End PBXResourcesBuildPhase section */

/* Begin PBXSourcesBuildPhase section */
		042DC29C285B5B3F008FB972 /* Sources */ = {
			isa = PBXSourcesBuildPhase;
			buildActionMask = 2147483647;
			files = (
				042DC2A8285B5B3F008FB972 /* ViewController.swift in Sources */,
				042DC2A4285B5B3F008FB972 /* AppDelegate.swift in Sources */,
				042DC2A6285B5B3F008FB972 /* SceneDelegate.swift in Sources */,
			);
			runOnlyForDeploymentPostprocessing = 0;
		};
		042DC2B2285B5B42008FB972 /* Sources */ = {
			isa = PBXSourcesBuildPhase;
			buildActionMask = 2147483647;
			files = (
				042DC2BB285B5B42008FB972 /* MintynDigitalBankTests.swift in Sources */,
			);
			runOnlyForDeploymentPostprocessing = 0;
		};
		042DC2BC285B5B42008FB972 /* Sources */ = {
			isa = PBXSourcesBuildPhase;
			buildActionMask = 2147483647;
			files = (
				042DC2C7285B5B42008FB972 /* MintynDigitalBankUITestsLaunchTests.swift in Sources */,
				042DC2C5285B5B42008FB972 /* MintynDigitalBankUITests.swift in Sources */,
			);
			runOnlyForDeploymentPostprocessing = 0;
		};
/* End PBXSourcesBuildPhase section */

/* Begin PBXTargetDependency section */
		042DC2B8285B5B42008FB972 /* PBXTargetDependency */ = {
			isa = PBXTargetDependency;
			target = 042DC29F285B5B3F008FB972 /* MintynDigitalBank */;
			targetProxy = 042DC2B7285B5B42008FB972 /* PBXContainerItemProxy */;
		};
		042DC2C2285B5B42008FB972 /* PBXTargetDependency */ = {
			isa = PBXTargetDependency;
			target = 042DC29F285B5B3F008FB972 /* MintynDigitalBank */;
			targetProxy = 042DC2C1285B5B42008FB972 /* PBXContainerItemProxy */;
		};
/* End PBXTargetDependency section */

/* Begin PBXVariantGroup section */
		042DC2AE285B5B42008FB972 /* LaunchScreen.storyboard */ = {
			isa = PBXVariantGroup;
			children = (
				042DC2AF285B5B42008FB972 /* Base */,
			);
			name = LaunchScreen.storyboard;
			sourceTree = "<group>";
		};
/* End PBXVariantGroup section */

/* Begin XCBuildConfiguration section */
		042DC2C8285B5B42008FB972 /* Debug */ = {
			isa = XCBuildConfiguration;
			buildSettings = {
				ALWAYS_SEARCH_USER_PATHS = NO;
				CLANG_ANALYZER_NONNULL = YES;
				CLANG_ANALYZER_NUMBER_OBJECT_CONVERSION = YES_AGGRESSIVE;
				CLANG_CXX_LANGUAGE_STANDARD = "gnu++17";
				CLANG_ENABLE_MODULES = YES;
				CLANG_ENABLE_OBJC_ARC = YES;
				CLANG_ENABLE_OBJC_WEAK = YES;
				CLANG_WARN_BLOCK_CAPTURE_AUTORELEASING = YES;
				CLANG_WARN_BOOL_CONVERSION = YES;
				CLANG_WARN_COMMA = YES;
				CLANG_WARN_CONSTANT_CONVERSION = YES;
				CLANG_WARN_DEPRECATED_OBJC_IMPLEMENTATIONS = YES;
				CLANG_WARN_DIRECT_OBJC_ISA_USAGE = YES_ERROR;
				CLANG_WARN_DOCUMENTATION_COMMENTS = YES;
				CLANG_WARN_EMPTY_BODY = YES;
				CLANG_WARN_ENUM_CONVERSION = YES;
				CLANG_WARN_INFINITE_RECURSION = YES;
				CLANG_WARN_INT_CONVERSION = YES;
				CLANG_WARN_NON_LITERAL_NULL_CONVERSION = YES;
				CLANG_WARN_OBJC_IMPLICIT_RETAIN_SELF = YES;
				CLANG_WARN_OBJC_LITERAL_CONVERSION = YES;
				CLANG_WARN_OBJC_ROOT_CLASS = YES_ERROR;
				CLANG_WARN_QUOTED_INCLUDE_IN_FRAMEWORK_HEADER = YES;
				CLANG_WARN_RANGE_LOOP_ANALYSIS = YES;
				CLANG_WARN_STRICT_PROTOTYPES = YES;
				CLANG_WARN_SUSPICIOUS_MOVE = YES;
				CLANG_WARN_UNGUARDED_AVAILABILITY = YES_AGGRESSIVE;
				CLANG_WARN_UNREACHABLE_CODE = YES;
				CLANG_WARN__DUPLICATE_METHOD_MATCH = YES;
				COPY_PHASE_STRIP = NO;
				DEBUG_INFORMATION_FORMAT = dwarf;
				ENABLE_STRICT_OBJC_MSGSEND = YES;
				ENABLE_TESTABILITY = YES;
				GCC_C_LANGUAGE_STANDARD = gnu11;
				GCC_DYNAMIC_NO_PIC = NO;
				GCC_NO_COMMON_BLOCKS = YES;
				GCC_OPTIMIZATION_LEVEL = 0;
				GCC_PREPROCESSOR_DEFINITIONS = (
					"DEBUG=1",
					"$(inherited)",
				);
				GCC_WARN_64_TO_32_BIT_CONVERSION = YES;
				GCC_WARN_ABOUT_RETURN_TYPE = YES_ERROR;
				GCC_WARN_UNDECLARED_SELECTOR = YES;
				GCC_WARN_UNINITIALIZED_AUTOS = YES_AGGRESSIVE;
				GCC_WARN_UNUSED_FUNCTION = YES;
				GCC_WARN_UNUSED_VARIABLE = YES;
				IPHONEOS_DEPLOYMENT_TARGET = 15.5;
				MTL_ENABLE_DEBUG_INFO = INCLUDE_SOURCE;
				MTL_FAST_MATH = YES;
				ONLY_ACTIVE_ARCH = YES;
				SDKROOT = iphoneos;
				SWIFT_ACTIVE_COMPILATION_CONDITIONS = DEBUG;
				SWIFT_OPTIMIZATION_LEVEL = "-Onone";
			};
			name = Debug;
		};
		042DC2C9285B5B42008FB972 /* Release */ = {
			isa = XCBuildConfiguration;
			buildSettings = {
				ALWAYS_SEARCH_USER_PATHS = NO;
				CLANG_ANALYZER_NONNULL = YES;
				CLANG_ANALYZER_NUMBER_OBJECT_CONVERSION = YES_AGGRESSIVE;
				CLANG_CXX_LANGUAGE_STANDARD = "gnu++17";
				CLANG_ENABLE_MODULES = YES;
				CLANG_ENABLE_OBJC_ARC = YES;
				CLANG_ENABLE_OBJC_WEAK = YES;
				CLANG_WARN_BLOCK_CAPTURE_AUTORELEASING = YES;
				CLANG_WARN_BOOL_CONVERSION = YES;
				CLANG_WARN_COMMA = YES;
				CLANG_WARN_CONSTANT_CONVERSION = YES;
				CLANG_WARN_DEPRECATED_OBJC_IMPLEMENTATIONS = YES;
				CLANG_WARN_DIRECT_OBJC_ISA_USAGE = YES_ERROR;
				CLANG_WARN_DOCUMENTATION_COMMENTS = YES;
				CLANG_WARN_EMPTY_BODY = YES;
				CLANG_WARN_ENUM_CONVERSION = YES;
				CLANG_WARN_INFINITE_RECURSION = YES;
				CLANG_WARN_INT_CONVERSION = YES;
				CLANG_WARN_NON_LITERAL_NULL_CONVERSION = YES;
				CLANG_WARN_OBJC_IMPLICIT_RETAIN_SELF = YES;
				CLANG_WARN_OBJC_LITERAL_CONVERSION = YES;
				CLANG_WARN_OBJC_ROOT_CLASS = YES_ERROR;
				CLANG_WARN_QUOTED_INCLUDE_IN_FRAMEWORK_HEADER = YES;
				CLANG_WARN_RANGE_LOOP_ANALYSIS = YES;
				CLANG_WARN_STRICT_PROTOTYPES = YES;
				CLANG_WARN_SUSPICIOUS_MOVE = YES;
				CLANG_WARN_UNGUARDED_AVAILABILITY = YES_AGGRESSIVE;
				CLANG_WARN_UNREACHABLE_CODE = YES;
				CLANG_WARN__DUPLICATE_METHOD_MATCH = YES;
				COPY_PHASE_STRIP = NO;
				DEBUG_INFORMATION_FORMAT = "dwarf-with-dsym";
				ENABLE_NS_ASSERTIONS = NO;
				ENABLE_STRICT_OBJC_MSGSEND = YES;
				GCC_C_LANGUAGE_STANDARD = gnu11;
				GCC_NO_COMMON_BLOCKS = YES;
				GCC_WARN_64_TO_32_BIT_CONVERSION = YES;
				GCC_WARN_ABOUT_RETURN_TYPE = YES_ERROR;
				GCC_WARN_UNDECLARED_SELECTOR = YES;
				GCC_WARN_UNINITIALIZED_AUTOS = YES_AGGRESSIVE;
				GCC_WARN_UNUSED_FUNCTION = YES;
				GCC_WARN_UNUSED_VARIABLE = YES;
				IPHONEOS_DEPLOYMENT_TARGET = 15.5;
				MTL_ENABLE_DEBUG_INFO = NO;
				MTL_FAST_MATH = YES;
				SDKROOT = iphoneos;
				SWIFT_COMPILATION_MODE = wholemodule;
				SWIFT_OPTIMIZATION_LEVEL = "-O";
				VALIDATE_PRODUCT = YES;
			};
			name = Release;
		};
		042DC2CB285B5B42008FB972 /* Debug */ = {
			isa = XCBuildConfiguration;
			buildSettings = {
				ASSETCATALOG_COMPILER_APPICON_NAME = AppIcon;
				ASSETCATALOG_COMPILER_GLOBAL_ACCENT_COLOR_NAME = AccentColor;
				CODE_SIGN_STYLE = Automatic;
				CURRENT_PROJECT_VERSION = 1;
				DEVELOPMENT_TEAM = TU6K7VWRVB;
				GENERATE_INFOPLIST_FILE = YES;
				INFOPLIST_FILE = MintynDigitalBank/Info.plist;
				INFOPLIST_KEY_UIApplicationSupportsIndirectInputEvents = YES;
				INFOPLIST_KEY_UILaunchStoryboardName = LaunchScreen;
				INFOPLIST_KEY_UISupportedInterfaceOrientations_iPad = "UIInterfaceOrientationPortrait UIInterfaceOrientationPortraitUpsideDown UIInterfaceOrientationLandscapeLeft UIInterfaceOrientationLandscapeRight";
				INFOPLIST_KEY_UISupportedInterfaceOrientations_iPhone = "UIInterfaceOrientationPortrait UIInterfaceOrientationLandscapeLeft UIInterfaceOrientationLandscapeRight";
				LD_RUNPATH_SEARCH_PATHS = (
					"$(inherited)",
					"@executable_path/Frameworks",
				);
				MARKETING_VERSION = 1.0;
				PRODUCT_BUNDLE_IDENTIFIER = com.ayanfesolutions.MintynDigitalBank;
				PRODUCT_NAME = "$(TARGET_NAME)";
				SWIFT_EMIT_LOC_STRINGS = YES;
				SWIFT_VERSION = 5.0;
				TARGETED_DEVICE_FAMILY = "1,2";
			};
			name = Debug;
		};
		042DC2CC285B5B42008FB972 /* Release */ = {
			isa = XCBuildConfiguration;
			buildSettings = {
				ASSETCATALOG_COMPILER_APPICON_NAME = AppIcon;
				ASSETCATALOG_COMPILER_GLOBAL_ACCENT_COLOR_NAME = AccentColor;
				CODE_SIGN_STYLE = Automatic;
				CURRENT_PROJECT_VERSION = 1;
				DEVELOPMENT_TEAM = TU6K7VWRVB;
				GENERATE_INFOPLIST_FILE = YES;
				INFOPLIST_FILE = MintynDigitalBank/Info.plist;
				INFOPLIST_KEY_UIApplicationSupportsIndirectInputEvents = YES;
				INFOPLIST_KEY_UILaunchStoryboardName = LaunchScreen;
				INFOPLIST_KEY_UISupportedInterfaceOrientations_iPad = "UIInterfaceOrientationPortrait UIInterfaceOrientationPortraitUpsideDown UIInterfaceOrientationLandscapeLeft UIInterfaceOrientationLandscapeRight";
				INFOPLIST_KEY_UISupportedInterfaceOrientations_iPhone = "UIInterfaceOrientationPortrait UIInterfaceOrientationLandscapeLeft UIInterfaceOrientationLandscapeRight";
				LD_RUNPATH_SEARCH_PATHS = (
					"$(inherited)",
					"@executable_path/Frameworks",
				);
				MARKETING_VERSION = 1.0;
				PRODUCT_BUNDLE_IDENTIFIER = com.ayanfesolutions.MintynDigitalBank;
				PRODUCT_NAME = "$(TARGET_NAME)";
				SWIFT_EMIT_LOC_STRINGS = YES;
				SWIFT_VERSION = 5.0;
				TARGETED_DEVICE_FAMILY = "1,2";
			};
			name = Release;
		};
		042DC2CE285B5B42008FB972 /* Debug */ = {
			isa = XCBuildConfiguration;
			buildSettings = {
				ALWAYS_EMBED_SWIFT_STANDARD_LIBRARIES = YES;
				BUNDLE_LOADER = "$(TEST_HOST)";
				CODE_SIGN_STYLE = Automatic;
				CURRENT_PROJECT_VERSION = 1;
				DEVELOPMENT_TEAM = TU6K7VWRVB;
				GENERATE_INFOPLIST_FILE = YES;
				IPHONEOS_DEPLOYMENT_TARGET = 15.5;
				MARKETING_VERSION = 1.0;
				PRODUCT_BUNDLE_IDENTIFIER = com.ayanfesolutions.MintynDigitalBankTests;
				PRODUCT_NAME = "$(TARGET_NAME)";
				SWIFT_EMIT_LOC_STRINGS = NO;
				SWIFT_VERSION = 5.0;
				TARGETED_DEVICE_FAMILY = "1,2";
				TEST_HOST = "$(BUILT_PRODUCTS_DIR)/MintynDigitalBank.app/MintynDigitalBank";
			};
			name = Debug;
		};
		042DC2CF285B5B42008FB972 /* Release */ = {
			isa = XCBuildConfiguration;
			buildSettings = {
				ALWAYS_EMBED_SWIFT_STANDARD_LIBRARIES = YES;
				BUNDLE_LOADER = "$(TEST_HOST)";
				CODE_SIGN_STYLE = Automatic;
				CURRENT_PROJECT_VERSION = 1;
				DEVELOPMENT_TEAM = TU6K7VWRVB;
				GENERATE_INFOPLIST_FILE = YES;
				IPHONEOS_DEPLOYMENT_TARGET = 15.5;
				MARKETING_VERSION = 1.0;
				PRODUCT_BUNDLE_IDENTIFIER = com.ayanfesolutions.MintynDigitalBankTests;
				PRODUCT_NAME = "$(TARGET_NAME)";
				SWIFT_EMIT_LOC_STRINGS = NO;
				SWIFT_VERSION = 5.0;
				TARGETED_DEVICE_FAMILY = "1,2";
				TEST_HOST = "$(BUILT_PRODUCTS_DIR)/MintynDigitalBank.app/MintynDigitalBank";
			};
			name = Release;
		};
		042DC2D1285B5B42008FB972 /* Debug */ = {
			isa = XCBuildConfiguration;
			buildSettings = {
				ALWAYS_EMBED_SWIFT_STANDARD_LIBRARIES = YES;
				CODE_SIGN_STYLE = Automatic;
				CURRENT_PROJECT_VERSION = 1;
				DEVELOPMENT_TEAM = TU6K7VWRVB;
				GENERATE_INFOPLIST_FILE = YES;
				MARKETING_VERSION = 1.0;
				PRODUCT_BUNDLE_IDENTIFIER = com.ayanfesolutions.MintynDigitalBankUITests;
				PRODUCT_NAME = "$(TARGET_NAME)";
				SWIFT_EMIT_LOC_STRINGS = NO;
				SWIFT_VERSION = 5.0;
				TARGETED_DEVICE_FAMILY = "1,2";
				TEST_TARGET_NAME = MintynDigitalBank;
			};
			name = Debug;
		};
		042DC2D2285B5B42008FB972 /* Release */ = {
			isa = XCBuildConfiguration;
			buildSettings = {
				ALWAYS_EMBED_SWIFT_STANDARD_LIBRARIES = YES;
				CODE_SIGN_STYLE = Automatic;
				CURRENT_PROJECT_VERSION = 1;
				DEVELOPMENT_TEAM = TU6K7VWRVB;
				GENERATE_INFOPLIST_FILE = YES;
				MARKETING_VERSION = 1.0;
				PRODUCT_BUNDLE_IDENTIFIER = com.ayanfesolutions.MintynDigitalBankUITests;
				PRODUCT_NAME = "$(TARGET_NAME)";
				SWIFT_EMIT_LOC_STRINGS = NO;
				SWIFT_VERSION = 5.0;
				TARGETED_DEVICE_FAMILY = "1,2";
				TEST_TARGET_NAME = MintynDigitalBank;
			};
			name = Release;
		};
/* End XCBuildConfiguration section */

/* Begin XCConfigurationList section */
		042DC29B285B5B3F008FB972 /* Build configuration list for PBXProject "MintynDigitalBank" */ = {
			isa = XCConfigurationList;
			buildConfigurations = (
				042DC2C8285B5B42008FB972 /* Debug */,
				042DC2C9285B5B42008FB972 /* Release */,
			);
			defaultConfigurationIsVisible = 0;
			defaultConfigurationName = Release;
		};
		042DC2CA285B5B42008FB972 /* Build configuration list for PBXNativeTarget "MintynDigitalBank" */ = {
			isa = XCConfigurationList;
			buildConfigurations = (
				042DC2CB285B5B42008FB972 /* Debug */,
				042DC2CC285B5B42008FB972 /* Release */,
			);
			defaultConfigurationIsVisible = 0;
			defaultConfigurationName = Release;
		};
		042DC2CD285B5B42008FB972 /* Build configuration list for PBXNativeTarget "MintynDigitalBankTests" */ = {
			isa = XCConfigurationList;
			buildConfigurations = (
				042DC2CE285B5B42008FB972 /* Debug */,
				042DC2CF285B5B42008FB972 /* Release */,
			);
			defaultConfigurationIsVisible = 0;
			defaultConfigurationName = Release;
		};
		042DC2D0285B5B42008FB972 /* Build configuration list for PBXNativeTarget "MintynDigitalBankUITests" */ = {
			isa = XCConfigurationList;
			buildConfigurations = (
				042DC2D1285B5B42008FB972 /* Debug */,
				042DC2D2285B5B42008FB972 /* Release */,
			);
			defaultConfigurationIsVisible = 0;
			defaultConfigurationName = Release;
		};
/* End XCConfigurationList section */
	};
	rootObject = 042DC298285B5B3F008FB972 /* Project object */;
}
