// !$*UTF8*$!
{
	archiveVersion = 1;
	classes = {
	};
	objectVersion = 55;
	objects = {

/* Begin PBXBuildFile section */
		042DC2A4285B5B3F008FB972 /* AppDelegate.swift in Sources */ = {isa = PBXBuildFile; fileRef = 042DC2A3285B5B3F008FB972 /* AppDelegate.swift */; };
		042DC2A6285B5B3F008FB972 /* SceneDelegate.swift in Sources */ = {isa = PBXBuildFile; fileRef = 042DC2A5285B5B3F008FB972 /* SceneDelegate.swift */; };
		042DC2A8285B5B3F008FB972 /* WelcomeScreenViewController.swift in Sources */ = {isa = PBXBuildFile; fileRef = 042DC2A7285B5B3F008FB972 /* WelcomeScreenViewController.swift */; };
		042DC2AD285B5B42008FB972 /* Assets.xcassets in Resources */ = {isa = PBXBuildFile; fileRef = 042DC2AC285B5B42008FB972 /* Assets.xcassets */; };
		042DC2B0285B5B42008FB972 /* LaunchScreen.storyboard in Resources */ = {isa = PBXBuildFile; fileRef = 042DC2AE285B5B42008FB972 /* LaunchScreen.storyboard */; };
		042DC2BB285B5B42008FB972 /* MintynDigitalBankTests.swift in Sources */ = {isa = PBXBuildFile; fileRef = 042DC2BA285B5B42008FB972 /* MintynDigitalBankTests.swift */; };
		042DC2C5285B5B42008FB972 /* MintynDigitalBankUITests.swift in Sources */ = {isa = PBXBuildFile; fileRef = 042DC2C4285B5B42008FB972 /* MintynDigitalBankUITests.swift */; };
		042DC2C7285B5B42008FB972 /* MintynDigitalBankUITestsLaunchTests.swift in Sources */ = {isa = PBXBuildFile; fileRef = 042DC2C6285B5B42008FB972 /* MintynDigitalBankUITestsLaunchTests.swift */; };
		042DC2DA285B6DE7008FB972 /* CustomGradient.swift in Sources */ = {isa = PBXBuildFile; fileRef = 042DC2D9285B6DE7008FB972 /* CustomGradient.swift */; };
		042DC2DB285B6DE7008FB972 /* CustomGradient.swift in Sources */ = {isa = PBXBuildFile; fileRef = 042DC2D9285B6DE7008FB972 /* CustomGradient.swift */; };
		042DC2DC285B6DE8008FB972 /* CustomGradient.swift in Sources */ = {isa = PBXBuildFile; fileRef = 042DC2D9285B6DE7008FB972 /* CustomGradient.swift */; };
		042DC2DE285B74EA008FB972 /* CustomColors.swift in Sources */ = {isa = PBXBuildFile; fileRef = 042DC2DD285B74EA008FB972 /* CustomColors.swift */; };
		042DC2DF285B74EA008FB972 /* CustomColors.swift in Sources */ = {isa = PBXBuildFile; fileRef = 042DC2DD285B74EA008FB972 /* CustomColors.swift */; };
		042DC2E0285B74EA008FB972 /* CustomColors.swift in Sources */ = {isa = PBXBuildFile; fileRef = 042DC2DD285B74EA008FB972 /* CustomColors.swift */; };
		042DC2E2285B9629008FB972 /* CustomViews.swift in Sources */ = {isa = PBXBuildFile; fileRef = 042DC2E1285B9629008FB972 /* CustomViews.swift */; };
		042DC2E3285B9629008FB972 /* CustomViews.swift in Sources */ = {isa = PBXBuildFile; fileRef = 042DC2E1285B9629008FB972 /* CustomViews.swift */; };
		042DC2E4285B9629008FB972 /* CustomViews.swift in Sources */ = {isa = PBXBuildFile; fileRef = 042DC2E1285B9629008FB972 /* CustomViews.swift */; };
		042DC2EB285B9ABD008FB972 /* times-new-roman-bold-italic.ttf in Resources */ = {isa = PBXBuildFile; fileRef = 042DC2E7285B9ABD008FB972 /* times-new-roman-bold-italic.ttf */; };
		042DC2EC285B9ABD008FB972 /* times-new-roman-bold-italic.ttf in Resources */ = {isa = PBXBuildFile; fileRef = 042DC2E7285B9ABD008FB972 /* times-new-roman-bold-italic.ttf */; };
		042DC2ED285B9ABD008FB972 /* times-new-roman-bold-italic.ttf in Resources */ = {isa = PBXBuildFile; fileRef = 042DC2E7285B9ABD008FB972 /* times-new-roman-bold-italic.ttf */; };
		042DC2EE285B9ABD008FB972 /* times new roman italic.ttf in Resources */ = {isa = PBXBuildFile; fileRef = 042DC2E8285B9ABD008FB972 /* times new roman italic.ttf */; };
		042DC2EF285B9ABD008FB972 /* times new roman italic.ttf in Resources */ = {isa = PBXBuildFile; fileRef = 042DC2E8285B9ABD008FB972 /* times new roman italic.ttf */; };
		042DC2F0285B9ABD008FB972 /* times new roman italic.ttf in Resources */ = {isa = PBXBuildFile; fileRef = 042DC2E8285B9ABD008FB972 /* times new roman italic.ttf */; };
		042DC2F1285B9ABD008FB972 /* times new roman.ttf in Resources */ = {isa = PBXBuildFile; fileRef = 042DC2E9285B9ABD008FB972 /* times new roman.ttf */; };
		042DC2F2285B9ABD008FB972 /* times new roman.ttf in Resources */ = {isa = PBXBuildFile; fileRef = 042DC2E9285B9ABD008FB972 /* times new roman.ttf */; };
		042DC2F3285B9ABD008FB972 /* times new roman.ttf in Resources */ = {isa = PBXBuildFile; fileRef = 042DC2E9285B9ABD008FB972 /* times new roman.ttf */; };
		042DC2F4285B9ABD008FB972 /* times new roman bold.ttf in Resources */ = {isa = PBXBuildFile; fileRef = 042DC2EA285B9ABD008FB972 /* times new roman bold.ttf */; };
		042DC2F5285B9ABD008FB972 /* times new roman bold.ttf in Resources */ = {isa = PBXBuildFile; fileRef = 042DC2EA285B9ABD008FB972 /* times new roman bold.ttf */; };
		042DC2F6285B9ABD008FB972 /* times new roman bold.ttf in Resources */ = {isa = PBXBuildFile; fileRef = 042DC2EA285B9ABD008FB972 /* times new roman bold.ttf */; };
		042DC2F8285B9B16008FB972 /* CustomFonts.swift in Sources */ = {isa = PBXBuildFile; fileRef = 042DC2F7285B9B16008FB972 /* CustomFonts.swift */; };
		042DC2F9285B9B16008FB972 /* CustomFonts.swift in Sources */ = {isa = PBXBuildFile; fileRef = 042DC2F7285B9B16008FB972 /* CustomFonts.swift */; };
		042DC2FA285B9B16008FB972 /* CustomFonts.swift in Sources */ = {isa = PBXBuildFile; fileRef = 042DC2F7285B9B16008FB972 /* CustomFonts.swift */; };
		042DC309285B9CB8008FB972 /* Roboto-Medium.ttf in Resources */ = {isa = PBXBuildFile; fileRef = 042DC2FC285B9CB8008FB972 /* Roboto-Medium.ttf */; };
		042DC30A285B9CB8008FB972 /* Roboto-Medium.ttf in Resources */ = {isa = PBXBuildFile; fileRef = 042DC2FC285B9CB8008FB972 /* Roboto-Medium.ttf */; };
		042DC30B285B9CB8008FB972 /* Roboto-Medium.ttf in Resources */ = {isa = PBXBuildFile; fileRef = 042DC2FC285B9CB8008FB972 /* Roboto-Medium.ttf */; };
		042DC30C285B9CB8008FB972 /* Roboto-Light.ttf in Resources */ = {isa = PBXBuildFile; fileRef = 042DC2FD285B9CB8008FB972 /* Roboto-Light.ttf */; };
		042DC30D285B9CB8008FB972 /* Roboto-Light.ttf in Resources */ = {isa = PBXBuildFile; fileRef = 042DC2FD285B9CB8008FB972 /* Roboto-Light.ttf */; };
		042DC30E285B9CB8008FB972 /* Roboto-Light.ttf in Resources */ = {isa = PBXBuildFile; fileRef = 042DC2FD285B9CB8008FB972 /* Roboto-Light.ttf */; };
		042DC30F285B9CB8008FB972 /* Roboto-Regular.ttf in Resources */ = {isa = PBXBuildFile; fileRef = 042DC2FE285B9CB8008FB972 /* Roboto-Regular.ttf */; };
		042DC310285B9CB8008FB972 /* Roboto-Regular.ttf in Resources */ = {isa = PBXBuildFile; fileRef = 042DC2FE285B9CB8008FB972 /* Roboto-Regular.ttf */; };
		042DC311285B9CB8008FB972 /* Roboto-Regular.ttf in Resources */ = {isa = PBXBuildFile; fileRef = 042DC2FE285B9CB8008FB972 /* Roboto-Regular.ttf */; };
		042DC312285B9CB8008FB972 /* Roboto-MediumItalic.ttf in Resources */ = {isa = PBXBuildFile; fileRef = 042DC2FF285B9CB8008FB972 /* Roboto-MediumItalic.ttf */; };
		042DC313285B9CB8008FB972 /* Roboto-MediumItalic.ttf in Resources */ = {isa = PBXBuildFile; fileRef = 042DC2FF285B9CB8008FB972 /* Roboto-MediumItalic.ttf */; };
		042DC314285B9CB8008FB972 /* Roboto-MediumItalic.ttf in Resources */ = {isa = PBXBuildFile; fileRef = 042DC2FF285B9CB8008FB972 /* Roboto-MediumItalic.ttf */; };
		042DC315285B9CB8008FB972 /* Roboto-ThinItalic.ttf in Resources */ = {isa = PBXBuildFile; fileRef = 042DC300285B9CB8008FB972 /* Roboto-ThinItalic.ttf */; };
		042DC316285B9CB8008FB972 /* Roboto-ThinItalic.ttf in Resources */ = {isa = PBXBuildFile; fileRef = 042DC300285B9CB8008FB972 /* Roboto-ThinItalic.ttf */; };
		042DC317285B9CB8008FB972 /* Roboto-ThinItalic.ttf in Resources */ = {isa = PBXBuildFile; fileRef = 042DC300285B9CB8008FB972 /* Roboto-ThinItalic.ttf */; };
		042DC318285B9CB8008FB972 /* Roboto-BoldItalic.ttf in Resources */ = {isa = PBXBuildFile; fileRef = 042DC301285B9CB8008FB972 /* Roboto-BoldItalic.ttf */; };
		042DC319285B9CB8008FB972 /* Roboto-BoldItalic.ttf in Resources */ = {isa = PBXBuildFile; fileRef = 042DC301285B9CB8008FB972 /* Roboto-BoldItalic.ttf */; };
		042DC31A285B9CB8008FB972 /* Roboto-BoldItalic.ttf in Resources */ = {isa = PBXBuildFile; fileRef = 042DC301285B9CB8008FB972 /* Roboto-BoldItalic.ttf */; };
		042DC31B285B9CB8008FB972 /* Roboto-LightItalic.ttf in Resources */ = {isa = PBXBuildFile; fileRef = 042DC302285B9CB8008FB972 /* Roboto-LightItalic.ttf */; };
		042DC31C285B9CB8008FB972 /* Roboto-LightItalic.ttf in Resources */ = {isa = PBXBuildFile; fileRef = 042DC302285B9CB8008FB972 /* Roboto-LightItalic.ttf */; };
		042DC31D285B9CB8008FB972 /* Roboto-LightItalic.ttf in Resources */ = {isa = PBXBuildFile; fileRef = 042DC302285B9CB8008FB972 /* Roboto-LightItalic.ttf */; };
		042DC31E285B9CB8008FB972 /* Roboto-Italic.ttf in Resources */ = {isa = PBXBuildFile; fileRef = 042DC303285B9CB8008FB972 /* Roboto-Italic.ttf */; };
		042DC31F285B9CB8008FB972 /* Roboto-Italic.ttf in Resources */ = {isa = PBXBuildFile; fileRef = 042DC303285B9CB8008FB972 /* Roboto-Italic.ttf */; };
		042DC320285B9CB8008FB972 /* Roboto-Italic.ttf in Resources */ = {isa = PBXBuildFile; fileRef = 042DC303285B9CB8008FB972 /* Roboto-Italic.ttf */; };
		042DC321285B9CB8008FB972 /* LICENSE.txt in Resources */ = {isa = PBXBuildFile; fileRef = 042DC304285B9CB8008FB972 /* LICENSE.txt */; };
		042DC322285B9CB8008FB972 /* LICENSE.txt in Resources */ = {isa = PBXBuildFile; fileRef = 042DC304285B9CB8008FB972 /* LICENSE.txt */; };
		042DC323285B9CB8008FB972 /* LICENSE.txt in Resources */ = {isa = PBXBuildFile; fileRef = 042DC304285B9CB8008FB972 /* LICENSE.txt */; };
		042DC324285B9CB8008FB972 /* Roboto-BlackItalic.ttf in Resources */ = {isa = PBXBuildFile; fileRef = 042DC305285B9CB8008FB972 /* Roboto-BlackItalic.ttf */; };
		042DC325285B9CB8008FB972 /* Roboto-BlackItalic.ttf in Resources */ = {isa = PBXBuildFile; fileRef = 042DC305285B9CB8008FB972 /* Roboto-BlackItalic.ttf */; };
		042DC326285B9CB8008FB972 /* Roboto-BlackItalic.ttf in Resources */ = {isa = PBXBuildFile; fileRef = 042DC305285B9CB8008FB972 /* Roboto-BlackItalic.ttf */; };
		042DC327285B9CB8008FB972 /* Roboto-Bold.ttf in Resources */ = {isa = PBXBuildFile; fileRef = 042DC306285B9CB8008FB972 /* Roboto-Bold.ttf */; };
		042DC328285B9CB8008FB972 /* Roboto-Bold.ttf in Resources */ = {isa = PBXBuildFile; fileRef = 042DC306285B9CB8008FB972 /* Roboto-Bold.ttf */; };
		042DC329285B9CB8008FB972 /* Roboto-Bold.ttf in Resources */ = {isa = PBXBuildFile; fileRef = 042DC306285B9CB8008FB972 /* Roboto-Bold.ttf */; };
		042DC32A285B9CB8008FB972 /* Roboto-Thin.ttf in Resources */ = {isa = PBXBuildFile; fileRef = 042DC307285B9CB8008FB972 /* Roboto-Thin.ttf */; };
		042DC32B285B9CB8008FB972 /* Roboto-Thin.ttf in Resources */ = {isa = PBXBuildFile; fileRef = 042DC307285B9CB8008FB972 /* Roboto-Thin.ttf */; };
		042DC32C285B9CB8008FB972 /* Roboto-Thin.ttf in Resources */ = {isa = PBXBuildFile; fileRef = 042DC307285B9CB8008FB972 /* Roboto-Thin.ttf */; };
		042DC32D285B9CB8008FB972 /* Roboto-Black.ttf in Resources */ = {isa = PBXBuildFile; fileRef = 042DC308285B9CB8008FB972 /* Roboto-Black.ttf */; };
		042DC32E285B9CB8008FB972 /* Roboto-Black.ttf in Resources */ = {isa = PBXBuildFile; fileRef = 042DC308285B9CB8008FB972 /* Roboto-Black.ttf */; };
		042DC32F285B9CB8008FB972 /* Roboto-Black.ttf in Resources */ = {isa = PBXBuildFile; fileRef = 042DC308285B9CB8008FB972 /* Roboto-Black.ttf */; };
		042DC332285BAC8A008FB972 /* LoginViewController.swift in Sources */ = {isa = PBXBuildFile; fileRef = 042DC331285BAC8A008FB972 /* LoginViewController.swift */; };
		042DC333285BAC8A008FB972 /* LoginViewController.swift in Sources */ = {isa = PBXBuildFile; fileRef = 042DC331285BAC8A008FB972 /* LoginViewController.swift */; };
		042DC334285BAC8A008FB972 /* LoginViewController.swift in Sources */ = {isa = PBXBuildFile; fileRef = 042DC331285BAC8A008FB972 /* LoginViewController.swift */; };
		042DC336285C2DEC008FB972 /* MainScreenTabBarViewController.swift in Sources */ = {isa = PBXBuildFile; fileRef = 042DC335285C2DEC008FB972 /* MainScreenTabBarViewController.swift */; };
		042DC337285C2DEC008FB972 /* MainScreenTabBarViewController.swift in Sources */ = {isa = PBXBuildFile; fileRef = 042DC335285C2DEC008FB972 /* MainScreenTabBarViewController.swift */; };
		042DC338285C2DEC008FB972 /* MainScreenTabBarViewController.swift in Sources */ = {isa = PBXBuildFile; fileRef = 042DC335285C2DEC008FB972 /* MainScreenTabBarViewController.swift */; };
		042DC33A285C2E44008FB972 /* HomePageViewController.swift in Sources */ = {isa = PBXBuildFile; fileRef = 042DC339285C2E44008FB972 /* HomePageViewController.swift */; };
		042DC33B285C2E44008FB972 /* HomePageViewController.swift in Sources */ = {isa = PBXBuildFile; fileRef = 042DC339285C2E44008FB972 /* HomePageViewController.swift */; };
		042DC33C285C2E44008FB972 /* HomePageViewController.swift in Sources */ = {isa = PBXBuildFile; fileRef = 042DC339285C2E44008FB972 /* HomePageViewController.swift */; };
		042DC33E285C2E59008FB972 /* SettingsPageViewController.swift in Sources */ = {isa = PBXBuildFile; fileRef = 042DC33D285C2E59008FB972 /* SettingsPageViewController.swift */; };
		042DC33F285C2E59008FB972 /* SettingsPageViewController.swift in Sources */ = {isa = PBXBuildFile; fileRef = 042DC33D285C2E59008FB972 /* SettingsPageViewController.swift */; };
		042DC340285C2E59008FB972 /* SettingsPageViewController.swift in Sources */ = {isa = PBXBuildFile; fileRef = 042DC33D285C2E59008FB972 /* SettingsPageViewController.swift */; };
		042DC342285C3887008FB972 /* SettingPageTableViewModel.swift in Sources */ = {isa = PBXBuildFile; fileRef = 042DC341285C3887008FB972 /* SettingPageTableViewModel.swift */; };
		042DC343285C3887008FB972 /* SettingPageTableViewModel.swift in Sources */ = {isa = PBXBuildFile; fileRef = 042DC341285C3887008FB972 /* SettingPageTableViewModel.swift */; };
		042DC344285C388C008FB972 /* SettingPageTableViewModel.swift in Sources */ = {isa = PBXBuildFile; fileRef = 042DC341285C3887008FB972 /* SettingPageTableViewModel.swift */; };
		042DC347285C45F5008FB972 /* LegalViewController.swift in Sources */ = {isa = PBXBuildFile; fileRef = 042DC346285C45F5008FB972 /* LegalViewController.swift */; };
		042DC348285C45F5008FB972 /* LegalViewController.swift in Sources */ = {isa = PBXBuildFile; fileRef = 042DC346285C45F5008FB972 /* LegalViewController.swift */; };
		042DC349285C45F5008FB972 /* LegalViewController.swift in Sources */ = {isa = PBXBuildFile; fileRef = 042DC346285C45F5008FB972 /* LegalViewController.swift */; };
		042DC34B285C4640008FB972 /* SystemViewController.swift in Sources */ = {isa = PBXBuildFile; fileRef = 042DC34A285C4640008FB972 /* SystemViewController.swift */; };
		042DC34C285C4640008FB972 /* SystemViewController.swift in Sources */ = {isa = PBXBuildFile; fileRef = 042DC34A285C4640008FB972 /* SystemViewController.swift */; };
		042DC34D285C4640008FB972 /* SystemViewController.swift in Sources */ = {isa = PBXBuildFile; fileRef = 042DC34A285C4640008FB972 /* SystemViewController.swift */; };
		042DC350285C8949008FB972 /* AdvertCollectionViewCell.swift in Sources */ = {isa = PBXBuildFile; fileRef = 042DC34F285C8949008FB972 /* AdvertCollectionViewCell.swift */; };
		042DC351285C8949008FB972 /* AdvertCollectionViewCell.swift in Sources */ = {isa = PBXBuildFile; fileRef = 042DC34F285C8949008FB972 /* AdvertCollectionViewCell.swift */; };
		042DC352285C8949008FB972 /* AdvertCollectionViewCell.swift in Sources */ = {isa = PBXBuildFile; fileRef = 042DC34F285C8949008FB972 /* AdvertCollectionViewCell.swift */; };
		04B77EAC285D3E2F00B06B9B /* HomePageController+Extension.swift in Sources */ = {isa = PBXBuildFile; fileRef = 04B77EAB285D3E2F00B06B9B /* HomePageController+Extension.swift */; };
		04B77EAD285D3E2F00B06B9B /* HomePageController+Extension.swift in Sources */ = {isa = PBXBuildFile; fileRef = 04B77EAB285D3E2F00B06B9B /* HomePageController+Extension.swift */; };
		04B77EAE285D3E2F00B06B9B /* HomePageController+Extension.swift in Sources */ = {isa = PBXBuildFile; fileRef = 04B77EAB285D3E2F00B06B9B /* HomePageController+Extension.swift */; };
		04B77EB0285D7A1100B06B9B /* NetworkManager.swift in Sources */ = {isa = PBXBuildFile; fileRef = 04B77EAF285D7A1100B06B9B /* NetworkManager.swift */; };
		04B77EB1285D7A1100B06B9B /* NetworkManager.swift in Sources */ = {isa = PBXBuildFile; fileRef = 04B77EAF285D7A1100B06B9B /* NetworkManager.swift */; };
		04B77EB2285D7A1100B06B9B /* NetworkManager.swift in Sources */ = {isa = PBXBuildFile; fileRef = 04B77EAF285D7A1100B06B9B /* NetworkManager.swift */; };
		04B77EB4285D7A3E00B06B9B /* UserModel.swift in Sources */ = {isa = PBXBuildFile; fileRef = 04B77EB3285D7A3E00B06B9B /* UserModel.swift */; };
		04B77EB5285D7A3E00B06B9B /* UserModel.swift in Sources */ = {isa = PBXBuildFile; fileRef = 04B77EB3285D7A3E00B06B9B /* UserModel.swift */; };
		04B77EB6285D7A3E00B06B9B /* UserModel.swift in Sources */ = {isa = PBXBuildFile; fileRef = 04B77EB3285D7A3E00B06B9B /* UserModel.swift */; };
		04B77EB8285DD52B00B06B9B /* UIalertController +Extension.swift in Sources */ = {isa = PBXBuildFile; fileRef = 04B77EB7285DD52B00B06B9B /* UIalertController +Extension.swift */; };
		04B77EB9285DD52B00B06B9B /* UIalertController +Extension.swift in Sources */ = {isa = PBXBuildFile; fileRef = 04B77EB7285DD52B00B06B9B /* UIalertController +Extension.swift */; };
		04B77EBA285DD52B00B06B9B /* UIalertController +Extension.swift in Sources */ = {isa = PBXBuildFile; fileRef = 04B77EB7285DD52B00B06B9B /* UIalertController +Extension.swift */; };
/* End PBXBuildFile section */

/* Begin PBXContainerItemProxy section */
		042DC2B7285B5B42008FB972 /* PBXContainerItemProxy */ = {
			isa = PBXContainerItemProxy;
			containerPortal = 042DC298285B5B3F008FB972 /* Project object */;
			proxyType = 1;
			remoteGlobalIDString = 042DC29F285B5B3F008FB972;
			remoteInfo = MintynDigitalBank;
		};
		042DC2C1285B5B42008FB972 /* PBXContainerItemProxy */ = {
			isa = PBXContainerItemProxy;
			containerPortal = 042DC298285B5B3F008FB972 /* Project object */;
			proxyType = 1;
			remoteGlobalIDString = 042DC29F285B5B3F008FB972;
			remoteInfo = MintynDigitalBank;
		};
/* End PBXContainerItemProxy section */

/* Begin PBXFileReference section */
		042DC2A0285B5B3F008FB972 /* MintynDigitalBank.app */ = {isa = PBXFileReference; explicitFileType = wrapper.application; includeInIndex = 0; path = MintynDigitalBank.app; sourceTree = BUILT_PRODUCTS_DIR; };
		042DC2A3285B5B3F008FB972 /* AppDelegate.swift */ = {isa = PBXFileReference; lastKnownFileType = sourcecode.swift; path = AppDelegate.swift; sourceTree = "<group>"; };
		042DC2A5285B5B3F008FB972 /* SceneDelegate.swift */ = {isa = PBXFileReference; lastKnownFileType = sourcecode.swift; path = SceneDelegate.swift; sourceTree = "<group>"; };
		042DC2A7285B5B3F008FB972 /* WelcomeScreenViewController.swift */ = {isa = PBXFileReference; lastKnownFileType = sourcecode.swift; path = WelcomeScreenViewController.swift; sourceTree = "<group>"; };
		042DC2AC285B5B42008FB972 /* Assets.xcassets */ = {isa = PBXFileReference; lastKnownFileType = folder.assetcatalog; path = Assets.xcassets; sourceTree = "<group>"; };
		042DC2AF285B5B42008FB972 /* Base */ = {isa = PBXFileReference; lastKnownFileType = file.storyboard; name = Base; path = Base.lproj/LaunchScreen.storyboard; sourceTree = "<group>"; };
		042DC2B1285B5B42008FB972 /* Info.plist */ = {isa = PBXFileReference; lastKnownFileType = text.plist.xml; path = Info.plist; sourceTree = "<group>"; };
		042DC2B6285B5B42008FB972 /* MintynDigitalBankTests.xctest */ = {isa = PBXFileReference; explicitFileType = wrapper.cfbundle; includeInIndex = 0; path = MintynDigitalBankTests.xctest; sourceTree = BUILT_PRODUCTS_DIR; };
		042DC2BA285B5B42008FB972 /* MintynDigitalBankTests.swift */ = {isa = PBXFileReference; lastKnownFileType = sourcecode.swift; path = MintynDigitalBankTests.swift; sourceTree = "<group>"; };
		042DC2C0285B5B42008FB972 /* MintynDigitalBankUITests.xctest */ = {isa = PBXFileReference; explicitFileType = wrapper.cfbundle; includeInIndex = 0; path = MintynDigitalBankUITests.xctest; sourceTree = BUILT_PRODUCTS_DIR; };
		042DC2C4285B5B42008FB972 /* MintynDigitalBankUITests.swift */ = {isa = PBXFileReference; lastKnownFileType = sourcecode.swift; path = MintynDigitalBankUITests.swift; sourceTree = "<group>"; };
		042DC2C6285B5B42008FB972 /* MintynDigitalBankUITestsLaunchTests.swift */ = {isa = PBXFileReference; lastKnownFileType = sourcecode.swift; path = MintynDigitalBankUITestsLaunchTests.swift; sourceTree = "<group>"; };
		042DC2D9285B6DE7008FB972 /* CustomGradient.swift */ = {isa = PBXFileReference; lastKnownFileType = sourcecode.swift; path = CustomGradient.swift; sourceTree = "<group>"; };
		042DC2DD285B74EA008FB972 /* CustomColors.swift */ = {isa = PBXFileReference; lastKnownFileType = sourcecode.swift; path = CustomColors.swift; sourceTree = "<group>"; };
		042DC2E1285B9629008FB972 /* CustomViews.swift */ = {isa = PBXFileReference; lastKnownFileType = sourcecode.swift; path = CustomViews.swift; sourceTree = "<group>"; };
		042DC2E7285B9ABD008FB972 /* times-new-roman-bold-italic.ttf */ = {isa = PBXFileReference; lastKnownFileType = file; path = "times-new-roman-bold-italic.ttf"; sourceTree = "<group>"; };
		042DC2E8285B9ABD008FB972 /* times new roman italic.ttf */ = {isa = PBXFileReference; lastKnownFileType = file; path = "times new roman italic.ttf"; sourceTree = "<group>"; };
		042DC2E9285B9ABD008FB972 /* times new roman.ttf */ = {isa = PBXFileReference; lastKnownFileType = file; path = "times new roman.ttf"; sourceTree = "<group>"; };
		042DC2EA285B9ABD008FB972 /* times new roman bold.ttf */ = {isa = PBXFileReference; lastKnownFileType = file; path = "times new roman bold.ttf"; sourceTree = "<group>"; };
		042DC2F7285B9B16008FB972 /* CustomFonts.swift */ = {isa = PBXFileReference; lastKnownFileType = sourcecode.swift; path = CustomFonts.swift; sourceTree = "<group>"; };
		042DC2FC285B9CB8008FB972 /* Roboto-Medium.ttf */ = {isa = PBXFileReference; lastKnownFileType = file; path = "Roboto-Medium.ttf"; sourceTree = "<group>"; };
		042DC2FD285B9CB8008FB972 /* Roboto-Light.ttf */ = {isa = PBXFileReference; lastKnownFileType = file; path = "Roboto-Light.ttf"; sourceTree = "<group>"; };
		042DC2FE285B9CB8008FB972 /* Roboto-Regular.ttf */ = {isa = PBXFileReference; lastKnownFileType = file; path = "Roboto-Regular.ttf"; sourceTree = "<group>"; };
		042DC2FF285B9CB8008FB972 /* Roboto-MediumItalic.ttf */ = {isa = PBXFileReference; lastKnownFileType = file; path = "Roboto-MediumItalic.ttf"; sourceTree = "<group>"; };
		042DC300285B9CB8008FB972 /* Roboto-ThinItalic.ttf */ = {isa = PBXFileReference; lastKnownFileType = file; path = "Roboto-ThinItalic.ttf"; sourceTree = "<group>"; };
		042DC301285B9CB8008FB972 /* Roboto-BoldItalic.ttf */ = {isa = PBXFileReference; lastKnownFileType = file; path = "Roboto-BoldItalic.ttf"; sourceTree = "<group>"; };
		042DC302285B9CB8008FB972 /* Roboto-LightItalic.ttf */ = {isa = PBXFileReference; lastKnownFileType = file; path = "Roboto-LightItalic.ttf"; sourceTree = "<group>"; };
		042DC303285B9CB8008FB972 /* Roboto-Italic.ttf */ = {isa = PBXFileReference; lastKnownFileType = file; path = "Roboto-Italic.ttf"; sourceTree = "<group>"; };
		042DC304285B9CB8008FB972 /* LICENSE.txt */ = {isa = PBXFileReference; fileEncoding = 4; lastKnownFileType = text; path = LICENSE.txt; sourceTree = "<group>"; };
		042DC305285B9CB8008FB972 /* Roboto-BlackItalic.ttf */ = {isa = PBXFileReference; lastKnownFileType = file; path = "Roboto-BlackItalic.ttf"; sourceTree = "<group>"; };
		042DC306285B9CB8008FB972 /* Roboto-Bold.ttf */ = {isa = PBXFileReference; lastKnownFileType = file; path = "Roboto-Bold.ttf"; sourceTree = "<group>"; };
		042DC307285B9CB8008FB972 /* Roboto-Thin.ttf */ = {isa = PBXFileReference; lastKnownFileType = file; path = "Roboto-Thin.ttf"; sourceTree = "<group>"; };
		042DC308285B9CB8008FB972 /* Roboto-Black.ttf */ = {isa = PBXFileReference; lastKnownFileType = file; path = "Roboto-Black.ttf"; sourceTree = "<group>"; };
		042DC331285BAC8A008FB972 /* LoginViewController.swift */ = {isa = PBXFileReference; lastKnownFileType = sourcecode.swift; path = LoginViewController.swift; sourceTree = "<group>"; };
		042DC335285C2DEC008FB972 /* MainScreenTabBarViewController.swift */ = {isa = PBXFileReference; lastKnownFileType = sourcecode.swift; path = MainScreenTabBarViewController.swift; sourceTree = "<group>"; };
		042DC339285C2E44008FB972 /* HomePageViewController.swift */ = {isa = PBXFileReference; lastKnownFileType = sourcecode.swift; path = HomePageViewController.swift; sourceTree = "<group>"; };
		042DC33D285C2E59008FB972 /* SettingsPageViewController.swift */ = {isa = PBXFileReference; lastKnownFileType = sourcecode.swift; path = SettingsPageViewController.swift; sourceTree = "<group>"; };
		042DC341285C3887008FB972 /* SettingPageTableViewModel.swift */ = {isa = PBXFileReference; lastKnownFileType = sourcecode.swift; name = SettingPageTableViewModel.swift; path = MintynDigitalBank/ViewControllers/CustomViews/SettingPageTableViewModel.swift; sourceTree = SOURCE_ROOT; };
		042DC346285C45F5008FB972 /* LegalViewController.swift */ = {isa = PBXFileReference; lastKnownFileType = sourcecode.swift; path = LegalViewController.swift; sourceTree = "<group>"; };
		042DC34A285C4640008FB972 /* SystemViewController.swift */ = {isa = PBXFileReference; lastKnownFileType = sourcecode.swift; path = SystemViewController.swift; sourceTree = "<group>"; };
		042DC34F285C8949008FB972 /* AdvertCollectionViewCell.swift */ = {isa = PBXFileReference; lastKnownFileType = sourcecode.swift; path = AdvertCollectionViewCell.swift; sourceTree = "<group>"; };
		04B77EAB285D3E2F00B06B9B /* HomePageController+Extension.swift */ = {isa = PBXFileReference; lastKnownFileType = sourcecode.swift; path = "HomePageController+Extension.swift"; sourceTree = "<group>"; };
		04B77EAF285D7A1100B06B9B /* NetworkManager.swift */ = {isa = PBXFileReference; lastKnownFileType = sourcecode.swift; path = NetworkManager.swift; sourceTree = "<group>"; };
		04B77EB3285D7A3E00B06B9B /* UserModel.swift */ = {isa = PBXFileReference; lastKnownFileType = sourcecode.swift; path = UserModel.swift; sourceTree = "<group>"; };
		04B77EB7285DD52B00B06B9B /* UIalertController +Extension.swift */ = {isa = PBXFileReference; lastKnownFileType = sourcecode.swift; path = "UIalertController +Extension.swift"; sourceTree = "<group>"; };
/* End PBXFileReference section */

/* Begin PBXFrameworksBuildPhase section */
		042DC29D285B5B3F008FB972 /* Frameworks */ = {
			isa = PBXFrameworksBuildPhase;
			buildActionMask = 2147483647;
			files = (
			);
			runOnlyForDeploymentPostprocessing = 0;
		};
		042DC2B3285B5B42008FB972 /* Frameworks */ = {
			isa = PBXFrameworksBuildPhase;
			buildActionMask = 2147483647;
			files = (
			);
			runOnlyForDeploymentPostprocessing = 0;
		};
		042DC2BD285B5B42008FB972 /* Frameworks */ = {
			isa = PBXFrameworksBuildPhase;
			buildActionMask = 2147483647;
			files = (
			);
			runOnlyForDeploymentPostprocessing = 0;
		};
/* End PBXFrameworksBuildPhase section */

/* Begin PBXGroup section */
		042DC297285B5B3F008FB972 = {
			isa = PBXGroup;
			children = (
				042DC2A2285B5B3F008FB972 /* MintynDigitalBank */,
				042DC2B9285B5B42008FB972 /* MintynDigitalBankTests */,
				042DC2C3285B5B42008FB972 /* MintynDigitalBankUITests */,
				042DC2A1285B5B3F008FB972 /* Products */,
			);
			sourceTree = "<group>";
		};
		042DC2A1285B5B3F008FB972 /* Products */ = {
			isa = PBXGroup;
			children = (
				042DC2A0285B5B3F008FB972 /* MintynDigitalBank.app */,
				042DC2B6285B5B42008FB972 /* MintynDigitalBankTests.xctest */,
				042DC2C0285B5B42008FB972 /* MintynDigitalBankUITests.xctest */,
			);
			name = Products;
			sourceTree = "<group>";
		};
		042DC2A2285B5B3F008FB972 /* MintynDigitalBank */ = {
			isa = PBXGroup;
			children = (
				042DC2D8285B6DBA008FB972 /* CustomFiles */,
				042DC2D7285B6DAB008FB972 /* Models */,
				042DC2D3285B6C9D008FB972 /* Delegates */,
				042DC2D4285B6D1C008FB972 /* ViewControllers */,
				042DC2D5285B6D41008FB972 /* Resources */,
				042DC2D6285B6D62008FB972 /* Storyboards */,
				042DC2B1285B5B42008FB972 /* Info.plist */,
			);
			path = MintynDigitalBank;
			sourceTree = "<group>";
		};
		042DC2B9285B5B42008FB972 /* MintynDigitalBankTests */ = {
			isa = PBXGroup;
			children = (
				042DC2BA285B5B42008FB972 /* MintynDigitalBankTests.swift */,
			);
			path = MintynDigitalBankTests;
			sourceTree = "<group>";
		};
		042DC2C3285B5B42008FB972 /* MintynDigitalBankUITests */ = {
			isa = PBXGroup;
			children = (
				042DC2C4285B5B42008FB972 /* MintynDigitalBankUITests.swift */,
				042DC2C6285B5B42008FB972 /* MintynDigitalBankUITestsLaunchTests.swift */,
			);
			path = MintynDigitalBankUITests;
			sourceTree = "<group>";
		};
		042DC2D3285B6C9D008FB972 /* Delegates */ = {
			isa = PBXGroup;
			children = (
				042DC2A3285B5B3F008FB972 /* AppDelegate.swift */,
				042DC2A5285B5B3F008FB972 /* SceneDelegate.swift */,
			);
			path = Delegates;
			sourceTree = "<group>";
		};
		042DC2D4285B6D1C008FB972 /* ViewControllers */ = {
			isa = PBXGroup;
			children = (
				042DC330285BA148008FB972 /* CustomViews */,
				042DC2A7285B5B3F008FB972 /* WelcomeScreenViewController.swift */,
				042DC34A285C4640008FB972 /* SystemViewController.swift */,
				042DC33D285C2E59008FB972 /* SettingsPageViewController.swift */,
				042DC331285BAC8A008FB972 /* LoginViewController.swift */,
				042DC335285C2DEC008FB972 /* MainScreenTabBarViewController.swift */,
				042DC34E285C890C008FB972 /* HomePageViewController */,
				042DC346285C45F5008FB972 /* LegalViewController.swift */,
			);
			path = ViewControllers;
			sourceTree = "<group>";
		};
		042DC2D5285B6D41008FB972 /* Resources */ = {
			isa = PBXGroup;
			children = (
				042DC2E5285B9A96008FB972 /* Fonts */,
				042DC2AC285B5B42008FB972 /* Assets.xcassets */,
			);
			path = Resources;
			sourceTree = "<group>";
		};
		042DC2D6285B6D62008FB972 /* Storyboards */ = {
			isa = PBXGroup;
			children = (
				042DC2AE285B5B42008FB972 /* LaunchScreen.storyboard */,
			);
			path = Storyboards;
			sourceTree = "<group>";
		};
		042DC2D7285B6DAB008FB972 /* Models */ = {
			isa = PBXGroup;
			children = (
				042DC341285C3887008FB972 /* SettingPageTableViewModel.swift */,
				04B77EAF285D7A1100B06B9B /* NetworkManager.swift */,
				04B77EB3285D7A3E00B06B9B /* UserModel.swift */,
			);
			path = Models;
			sourceTree = "<group>";
		};
		042DC2D8285B6DBA008FB972 /* CustomFiles */ = {
			isa = PBXGroup;
			children = (
				042DC2D9285B6DE7008FB972 /* CustomGradient.swift */,
				042DC2DD285B74EA008FB972 /* CustomColors.swift */,
				042DC2F7285B9B16008FB972 /* CustomFonts.swift */,
				04B77EB7285DD52B00B06B9B /* UIalertController +Extension.swift */,
			);
			path = CustomFiles;
			sourceTree = "<group>";
		};
		042DC2E5285B9A96008FB972 /* Fonts */ = {
			isa = PBXGroup;
			children = (
				042DC2FB285B9CB8008FB972 /* Roboto */,
				042DC2E6285B9ABD008FB972 /* Times New Roman */,
			);
			path = Fonts;
			sourceTree = "<group>";
		};
		042DC2E6285B9ABD008FB972 /* Times New Roman */ = {
			isa = PBXGroup;
			children = (
				042DC2E7285B9ABD008FB972 /* times-new-roman-bold-italic.ttf */,
				042DC2E8285B9ABD008FB972 /* times new roman italic.ttf */,
				042DC2E9285B9ABD008FB972 /* times new roman.ttf */,
				042DC2EA285B9ABD008FB972 /* times new roman bold.ttf */,
			);
			path = "Times New Roman";
			sourceTree = "<group>";
		};
		042DC2FB285B9CB8008FB972 /* Roboto */ = {
			isa = PBXGroup;
			children = (
				042DC2FC285B9CB8008FB972 /* Roboto-Medium.ttf */,
				042DC2FD285B9CB8008FB972 /* Roboto-Light.ttf */,
				042DC2FE285B9CB8008FB972 /* Roboto-Regular.ttf */,
				042DC2FF285B9CB8008FB972 /* Roboto-MediumItalic.ttf */,
				042DC300285B9CB8008FB972 /* Roboto-ThinItalic.ttf */,
				042DC301285B9CB8008FB972 /* Roboto-BoldItalic.ttf */,
				042DC302285B9CB8008FB972 /* Roboto-LightItalic.ttf */,
				042DC303285B9CB8008FB972 /* Roboto-Italic.ttf */,
				042DC304285B9CB8008FB972 /* LICENSE.txt */,
				042DC305285B9CB8008FB972 /* Roboto-BlackItalic.ttf */,
				042DC306285B9CB8008FB972 /* Roboto-Bold.ttf */,
				042DC307285B9CB8008FB972 /* Roboto-Thin.ttf */,
				042DC308285B9CB8008FB972 /* Roboto-Black.ttf */,
			);
			path = Roboto;
			sourceTree = "<group>";
		};
		042DC330285BA148008FB972 /* CustomViews */ = {
			isa = PBXGroup;
			children = (
				042DC2E1285B9629008FB972 /* CustomViews.swift */,
			);
			path = CustomViews;
			sourceTree = "<group>";
		};
		042DC34E285C890C008FB972 /* HomePageViewController */ = {
			isa = PBXGroup;
			children = (
				042DC339285C2E44008FB972 /* HomePageViewController.swift */,
				042DC34F285C8949008FB972 /* AdvertCollectionViewCell.swift */,
				04B77EAB285D3E2F00B06B9B /* HomePageController+Extension.swift */,
			);
			path = HomePageViewController;
			sourceTree = "<group>";
		};
/* End PBXGroup section */

/* Begin PBXNativeTarget section */
		042DC29F285B5B3F008FB972 /* MintynDigitalBank */ = {
			isa = PBXNativeTarget;
			buildConfigurationList = 042DC2CA285B5B42008FB972 /* Build configuration list for PBXNativeTarget "MintynDigitalBank" */;
			buildPhases = (
				042DC29C285B5B3F008FB972 /* Sources */,
				042DC29D285B5B3F008FB972 /* Frameworks */,
				042DC29E285B5B3F008FB972 /* Resources */,
			);
			buildRules = (
			);
			dependencies = (
			);
			name = MintynDigitalBank;
			productName = MintynDigitalBank;
			productReference = 042DC2A0285B5B3F008FB972 /* MintynDigitalBank.app */;
			productType = "com.apple.product-type.application";
		};
		042DC2B5285B5B42008FB972 /* MintynDigitalBankTests */ = {
			isa = PBXNativeTarget;
			buildConfigurationList = 042DC2CD285B5B42008FB972 /* Build configuration list for PBXNativeTarget "MintynDigitalBankTests" */;
			buildPhases = (
				042DC2B2285B5B42008FB972 /* Sources */,
				042DC2B3285B5B42008FB972 /* Frameworks */,
				042DC2B4285B5B42008FB972 /* Resources */,
			);
			buildRules = (
			);
			dependencies = (
				042DC2B8285B5B42008FB972 /* PBXTargetDependency */,
			);
			name = MintynDigitalBankTests;
			productName = MintynDigitalBankTests;
			productReference = 042DC2B6285B5B42008FB972 /* MintynDigitalBankTests.xctest */;
			productType = "com.apple.product-type.bundle.unit-test";
		};
		042DC2BF285B5B42008FB972 /* MintynDigitalBankUITests */ = {
			isa = PBXNativeTarget;
			buildConfigurationList = 042DC2D0285B5B42008FB972 /* Build configuration list for PBXNativeTarget "MintynDigitalBankUITests" */;
			buildPhases = (
				042DC2BC285B5B42008FB972 /* Sources */,
				042DC2BD285B5B42008FB972 /* Frameworks */,
				042DC2BE285B5B42008FB972 /* Resources */,
			);
			buildRules = (
			);
			dependencies = (
				042DC2C2285B5B42008FB972 /* PBXTargetDependency */,
			);
			name = MintynDigitalBankUITests;
			productName = MintynDigitalBankUITests;
			productReference = 042DC2C0285B5B42008FB972 /* MintynDigitalBankUITests.xctest */;
			productType = "com.apple.product-type.bundle.ui-testing";
		};
/* End PBXNativeTarget section */

/* Begin PBXProject section */
		042DC298285B5B3F008FB972 /* Project object */ = {
			isa = PBXProject;
			attributes = {
				BuildIndependentTargetsInParallel = 1;
				LastSwiftUpdateCheck = 1340;
				LastUpgradeCheck = 1340;
				TargetAttributes = {
					042DC29F285B5B3F008FB972 = {
						CreatedOnToolsVersion = 13.4.1;
					};
					042DC2B5285B5B42008FB972 = {
						CreatedOnToolsVersion = 13.4.1;
						TestTargetID = 042DC29F285B5B3F008FB972;
					};
					042DC2BF285B5B42008FB972 = {
						CreatedOnToolsVersion = 13.4.1;
						TestTargetID = 042DC29F285B5B3F008FB972;
					};
				};
			};
			buildConfigurationList = 042DC29B285B5B3F008FB972 /* Build configuration list for PBXProject "MintynDigitalBank" */;
			compatibilityVersion = "Xcode 13.0";
			developmentRegion = en;
			hasScannedForEncodings = 0;
			knownRegions = (
				en,
				Base,
			);
			mainGroup = 042DC297285B5B3F008FB972;
			productRefGroup = 042DC2A1285B5B3F008FB972 /* Products */;
			projectDirPath = "";
			projectRoot = "";
			targets = (
				042DC29F285B5B3F008FB972 /* MintynDigitalBank */,
				042DC2B5285B5B42008FB972 /* MintynDigitalBankTests */,
				042DC2BF285B5B42008FB972 /* MintynDigitalBankUITests */,
			);
		};
/* End PBXProject section */

/* Begin PBXResourcesBuildPhase section */
		042DC29E285B5B3F008FB972 /* Resources */ = {
			isa = PBXResourcesBuildPhase;
			buildActionMask = 2147483647;
			files = (
				042DC2EB285B9ABD008FB972 /* times-new-roman-bold-italic.ttf in Resources */,
				042DC2EE285B9ABD008FB972 /* times new roman italic.ttf in Resources */,
				042DC2F4285B9ABD008FB972 /* times new roman bold.ttf in Resources */,
				042DC321285B9CB8008FB972 /* LICENSE.txt in Resources */,
				042DC315285B9CB8008FB972 /* Roboto-ThinItalic.ttf in Resources */,
				042DC31B285B9CB8008FB972 /* Roboto-LightItalic.ttf in Resources */,
				042DC327285B9CB8008FB972 /* Roboto-Bold.ttf in Resources */,
				042DC309285B9CB8008FB972 /* Roboto-Medium.ttf in Resources */,
				042DC32A285B9CB8008FB972 /* Roboto-Thin.ttf in Resources */,
				042DC324285B9CB8008FB972 /* Roboto-BlackItalic.ttf in Resources */,
				042DC2B0285B5B42008FB972 /* LaunchScreen.storyboard in Resources */,
				042DC318285B9CB8008FB972 /* Roboto-BoldItalic.ttf in Resources */,
				042DC2AD285B5B42008FB972 /* Assets.xcassets in Resources */,
				042DC312285B9CB8008FB972 /* Roboto-MediumItalic.ttf in Resources */,
				042DC32D285B9CB8008FB972 /* Roboto-Black.ttf in Resources */,
				042DC30F285B9CB8008FB972 /* Roboto-Regular.ttf in Resources */,
				042DC31E285B9CB8008FB972 /* Roboto-Italic.ttf in Resources */,
				042DC30C285B9CB8008FB972 /* Roboto-Light.ttf in Resources */,
				042DC2F1285B9ABD008FB972 /* times new roman.ttf in Resources */,
			);
			runOnlyForDeploymentPostprocessing = 0;
		};
		042DC2B4285B5B42008FB972 /* Resources */ = {
			isa = PBXResourcesBuildPhase;
			buildActionMask = 2147483647;
			files = (
				042DC32B285B9CB8008FB972 /* Roboto-Thin.ttf in Resources */,
				042DC30A285B9CB8008FB972 /* Roboto-Medium.ttf in Resources */,
				042DC31F285B9CB8008FB972 /* Roboto-Italic.ttf in Resources */,
				042DC328285B9CB8008FB972 /* Roboto-Bold.ttf in Resources */,
				042DC31C285B9CB8008FB972 /* Roboto-LightItalic.ttf in Resources */,
				042DC32E285B9CB8008FB972 /* Roboto-Black.ttf in Resources */,
				042DC325285B9CB8008FB972 /* Roboto-BlackItalic.ttf in Resources */,
				042DC310285B9CB8008FB972 /* Roboto-Regular.ttf in Resources */,
				042DC2EC285B9ABD008FB972 /* times-new-roman-bold-italic.ttf in Resources */,
				042DC322285B9CB8008FB972 /* LICENSE.txt in Resources */,
				042DC30D285B9CB8008FB972 /* Roboto-Light.ttf in Resources */,
				042DC313285B9CB8008FB972 /* Roboto-MediumItalic.ttf in Resources */,
				042DC2EF285B9ABD008FB972 /* times new roman italic.ttf in Resources */,
				042DC316285B9CB8008FB972 /* Roboto-ThinItalic.ttf in Resources */,
				042DC2F5285B9ABD008FB972 /* times new roman bold.ttf in Resources */,
				042DC319285B9CB8008FB972 /* Roboto-BoldItalic.ttf in Resources */,
				042DC2F2285B9ABD008FB972 /* times new roman.ttf in Resources */,
			);
			runOnlyForDeploymentPostprocessing = 0;
		};
		042DC2BE285B5B42008FB972 /* Resources */ = {
			isa = PBXResourcesBuildPhase;
			buildActionMask = 2147483647;
			files = (
				042DC32C285B9CB8008FB972 /* Roboto-Thin.ttf in Resources */,
				042DC30B285B9CB8008FB972 /* Roboto-Medium.ttf in Resources */,
				042DC320285B9CB8008FB972 /* Roboto-Italic.ttf in Resources */,
				042DC329285B9CB8008FB972 /* Roboto-Bold.ttf in Resources */,
				042DC31D285B9CB8008FB972 /* Roboto-LightItalic.ttf in Resources */,
				042DC32F285B9CB8008FB972 /* Roboto-Black.ttf in Resources */,
				042DC326285B9CB8008FB972 /* Roboto-BlackItalic.ttf in Resources */,
				042DC311285B9CB8008FB972 /* Roboto-Regular.ttf in Resources */,
				042DC2ED285B9ABD008FB972 /* times-new-roman-bold-italic.ttf in Resources */,
				042DC323285B9CB8008FB972 /* LICENSE.txt in Resources */,
				042DC30E285B9CB8008FB972 /* Roboto-Light.ttf in Resources */,
				042DC314285B9CB8008FB972 /* Roboto-MediumItalic.ttf in Resources */,
				042DC2F0285B9ABD008FB972 /* times new roman italic.ttf in Resources */,
				042DC317285B9CB8008FB972 /* Roboto-ThinItalic.ttf in Resources */,
				042DC2F6285B9ABD008FB972 /* times new roman bold.ttf in Resources */,
				042DC31A285B9CB8008FB972 /* Roboto-BoldItalic.ttf in Resources */,
				042DC2F3285B9ABD008FB972 /* times new roman.ttf in Resources */,
			);
			runOnlyForDeploymentPostprocessing = 0;
		};
/* End PBXResourcesBuildPhase section */

/* Begin PBXSourcesBuildPhase section */
		042DC29C285B5B3F008FB972 /* Sources */ = {
			isa = PBXSourcesBuildPhase;
			buildActionMask = 2147483647;
			files = (
				042DC2A8285B5B3F008FB972 /* WelcomeScreenViewController.swift in Sources */,
				042DC33E285C2E59008FB972 /* SettingsPageViewController.swift in Sources */,
				042DC2DE285B74EA008FB972 /* CustomColors.swift in Sources */,
				042DC347285C45F5008FB972 /* LegalViewController.swift in Sources */,
				042DC2F8285B9B16008FB972 /* CustomFonts.swift in Sources */,
				042DC2A4285B5B3F008FB972 /* AppDelegate.swift in Sources */,
				042DC342285C3887008FB972 /* SettingPageTableViewModel.swift in Sources */,
				042DC332285BAC8A008FB972 /* LoginViewController.swift in Sources */,
				042DC336285C2DEC008FB972 /* MainScreenTabBarViewController.swift in Sources */,
				042DC34B285C4640008FB972 /* SystemViewController.swift in Sources */,
				04B77EB0285D7A1100B06B9B /* NetworkManager.swift in Sources */,
				042DC350285C8949008FB972 /* AdvertCollectionViewCell.swift in Sources */,
				04B77EAC285D3E2F00B06B9B /* HomePageController+Extension.swift in Sources */,
				042DC2E2285B9629008FB972 /* CustomViews.swift in Sources */,
				042DC2DA285B6DE7008FB972 /* CustomGradient.swift in Sources */,
				042DC33A285C2E44008FB972 /* HomePageViewController.swift in Sources */,
				04B77EB4285D7A3E00B06B9B /* UserModel.swift in Sources */,
				04B77EB8285DD52B00B06B9B /* UIalertController +Extension.swift in Sources */,
				042DC2A6285B5B3F008FB972 /* SceneDelegate.swift in Sources */,
			);
			runOnlyForDeploymentPostprocessing = 0;
		};
		042DC2B2285B5B42008FB972 /* Sources */ = {
			isa = PBXSourcesBuildPhase;
			buildActionMask = 2147483647;
			files = (
				042DC333285BAC8A008FB972 /* LoginViewController.swift in Sources */,
				042DC2DB285B6DE7008FB972 /* CustomGradient.swift in Sources */,
				042DC2E3285B9629008FB972 /* CustomViews.swift in Sources */,
				042DC2F9285B9B16008FB972 /* CustomFonts.swift in Sources */,
				042DC33B285C2E44008FB972 /* HomePageViewController.swift in Sources */,
				04B77EAD285D3E2F00B06B9B /* HomePageController+Extension.swift in Sources */,
				042DC33F285C2E59008FB972 /* SettingsPageViewController.swift in Sources */,
				042DC337285C2DEC008FB972 /* MainScreenTabBarViewController.swift in Sources */,
				042DC351285C8949008FB972 /* AdvertCollectionViewCell.swift in Sources */,
				042DC348285C45F5008FB972 /* LegalViewController.swift in Sources */,
				04B77EB5285D7A3E00B06B9B /* UserModel.swift in Sources */,
				04B77EB9285DD52B00B06B9B /* UIalertController +Extension.swift in Sources */,
				042DC2DF285B74EA008FB972 /* CustomColors.swift in Sources */,
				042DC34C285C4640008FB972 /* SystemViewController.swift in Sources */,
				04B77EB1285D7A1100B06B9B /* NetworkManager.swift in Sources */,
				042DC2BB285B5B42008FB972 /* MintynDigitalBankTests.swift in Sources */,
				042DC343285C3887008FB972 /* SettingPageTableViewModel.swift in Sources */,
			);
			runOnlyForDeploymentPostprocessing = 0;
		};
		042DC2BC285B5B42008FB972 /* Sources */ = {
			isa = PBXSourcesBuildPhase;
			buildActionMask = 2147483647;
			files = (
				042DC352285C8949008FB972 /* AdvertCollectionViewCell.swift in Sources */,
				04B77EAE285D3E2F00B06B9B /* HomePageController+Extension.swift in Sources */,
				042DC340285C2E59008FB972 /* SettingsPageViewController.swift in Sources */,
				042DC344285C388C008FB972 /* SettingPageTableViewModel.swift in Sources */,
				04B77EB2285D7A1100B06B9B /* NetworkManager.swift in Sources */,
				042DC334285BAC8A008FB972 /* LoginViewController.swift in Sources */,
				042DC2C7285B5B42008FB972 /* MintynDigitalBankUITestsLaunchTests.swift in Sources */,
				04B77EBA285DD52B00B06B9B /* UIalertController +Extension.swift in Sources */,
				042DC349285C45F5008FB972 /* LegalViewController.swift in Sources */,
				04B77EB6285D7A3E00B06B9B /* UserModel.swift in Sources */,
				042DC33C285C2E44008FB972 /* HomePageViewController.swift in Sources */,
				042DC2DC285B6DE8008FB972 /* CustomGradient.swift in Sources */,
				042DC34D285C4640008FB972 /* SystemViewController.swift in Sources */,
				042DC2E4285B9629008FB972 /* CustomViews.swift in Sources */,
				042DC2FA285B9B16008FB972 /* CustomFonts.swift in Sources */,
				042DC2E0285B74EA008FB972 /* CustomColors.swift in Sources */,
				042DC2C5285B5B42008FB972 /* MintynDigitalBankUITests.swift in Sources */,
				042DC338285C2DEC008FB972 /* MainScreenTabBarViewController.swift in Sources */,
			);
			runOnlyForDeploymentPostprocessing = 0;
		};
/* End PBXSourcesBuildPhase section */

/* Begin PBXTargetDependency section */
		042DC2B8285B5B42008FB972 /* PBXTargetDependency */ = {
			isa = PBXTargetDependency;
			target = 042DC29F285B5B3F008FB972 /* MintynDigitalBank */;
			targetProxy = 042DC2B7285B5B42008FB972 /* PBXContainerItemProxy */;
		};
		042DC2C2285B5B42008FB972 /* PBXTargetDependency */ = {
			isa = PBXTargetDependency;
			target = 042DC29F285B5B3F008FB972 /* MintynDigitalBank */;
			targetProxy = 042DC2C1285B5B42008FB972 /* PBXContainerItemProxy */;
		};
/* End PBXTargetDependency section */

/* Begin PBXVariantGroup section */
		042DC2AE285B5B42008FB972 /* LaunchScreen.storyboard */ = {
			isa = PBXVariantGroup;
			children = (
				042DC2AF285B5B42008FB972 /* Base */,
			);
			name = LaunchScreen.storyboard;
			sourceTree = "<group>";
		};
/* End PBXVariantGroup section */

/* Begin XCBuildConfiguration section */
		042DC2C8285B5B42008FB972 /* Debug */ = {
			isa = XCBuildConfiguration;
			buildSettings = {
				ALWAYS_SEARCH_USER_PATHS = NO;
				CLANG_ANALYZER_NONNULL = YES;
				CLANG_ANALYZER_NUMBER_OBJECT_CONVERSION = YES_AGGRESSIVE;
				CLANG_CXX_LANGUAGE_STANDARD = "gnu++17";
				CLANG_ENABLE_MODULES = YES;
				CLANG_ENABLE_OBJC_ARC = YES;
				CLANG_ENABLE_OBJC_WEAK = YES;
				CLANG_WARN_BLOCK_CAPTURE_AUTORELEASING = YES;
				CLANG_WARN_BOOL_CONVERSION = YES;
				CLANG_WARN_COMMA = YES;
				CLANG_WARN_CONSTANT_CONVERSION = YES;
				CLANG_WARN_DEPRECATED_OBJC_IMPLEMENTATIONS = YES;
				CLANG_WARN_DIRECT_OBJC_ISA_USAGE = YES_ERROR;
				CLANG_WARN_DOCUMENTATION_COMMENTS = YES;
				CLANG_WARN_EMPTY_BODY = YES;
				CLANG_WARN_ENUM_CONVERSION = YES;
				CLANG_WARN_INFINITE_RECURSION = YES;
				CLANG_WARN_INT_CONVERSION = YES;
				CLANG_WARN_NON_LITERAL_NULL_CONVERSION = YES;
				CLANG_WARN_OBJC_IMPLICIT_RETAIN_SELF = YES;
				CLANG_WARN_OBJC_LITERAL_CONVERSION = YES;
				CLANG_WARN_OBJC_ROOT_CLASS = YES_ERROR;
				CLANG_WARN_QUOTED_INCLUDE_IN_FRAMEWORK_HEADER = YES;
				CLANG_WARN_RANGE_LOOP_ANALYSIS = YES;
				CLANG_WARN_STRICT_PROTOTYPES = YES;
				CLANG_WARN_SUSPICIOUS_MOVE = YES;
				CLANG_WARN_UNGUARDED_AVAILABILITY = YES_AGGRESSIVE;
				CLANG_WARN_UNREACHABLE_CODE = YES;
				CLANG_WARN__DUPLICATE_METHOD_MATCH = YES;
				COPY_PHASE_STRIP = NO;
				DEBUG_INFORMATION_FORMAT = dwarf;
				ENABLE_STRICT_OBJC_MSGSEND = YES;
				ENABLE_TESTABILITY = YES;
				GCC_C_LANGUAGE_STANDARD = gnu11;
				GCC_DYNAMIC_NO_PIC = NO;
				GCC_NO_COMMON_BLOCKS = YES;
				GCC_OPTIMIZATION_LEVEL = 0;
				GCC_PREPROCESSOR_DEFINITIONS = (
					"DEBUG=1",
					"$(inherited)",
				);
				GCC_WARN_64_TO_32_BIT_CONVERSION = YES;
				GCC_WARN_ABOUT_RETURN_TYPE = YES_ERROR;
				GCC_WARN_UNDECLARED_SELECTOR = YES;
				GCC_WARN_UNINITIALIZED_AUTOS = YES_AGGRESSIVE;
				GCC_WARN_UNUSED_FUNCTION = YES;
				GCC_WARN_UNUSED_VARIABLE = YES;
				IPHONEOS_DEPLOYMENT_TARGET = 15.5;
				MTL_ENABLE_DEBUG_INFO = INCLUDE_SOURCE;
				MTL_FAST_MATH = YES;
				ONLY_ACTIVE_ARCH = YES;
				SDKROOT = iphoneos;
				SWIFT_ACTIVE_COMPILATION_CONDITIONS = DEBUG;
				SWIFT_OPTIMIZATION_LEVEL = "-Onone";
			};
			name = Debug;
		};
		042DC2C9285B5B42008FB972 /* Release */ = {
			isa = XCBuildConfiguration;
			buildSettings = {
				ALWAYS_SEARCH_USER_PATHS = NO;
				CLANG_ANALYZER_NONNULL = YES;
				CLANG_ANALYZER_NUMBER_OBJECT_CONVERSION = YES_AGGRESSIVE;
				CLANG_CXX_LANGUAGE_STANDARD = "gnu++17";
				CLANG_ENABLE_MODULES = YES;
				CLANG_ENABLE_OBJC_ARC = YES;
				CLANG_ENABLE_OBJC_WEAK = YES;
				CLANG_WARN_BLOCK_CAPTURE_AUTORELEASING = YES;
				CLANG_WARN_BOOL_CONVERSION = YES;
				CLANG_WARN_COMMA = YES;
				CLANG_WARN_CONSTANT_CONVERSION = YES;
				CLANG_WARN_DEPRECATED_OBJC_IMPLEMENTATIONS = YES;
				CLANG_WARN_DIRECT_OBJC_ISA_USAGE = YES_ERROR;
				CLANG_WARN_DOCUMENTATION_COMMENTS = YES;
				CLANG_WARN_EMPTY_BODY = YES;
				CLANG_WARN_ENUM_CONVERSION = YES;
				CLANG_WARN_INFINITE_RECURSION = YES;
				CLANG_WARN_INT_CONVERSION = YES;
				CLANG_WARN_NON_LITERAL_NULL_CONVERSION = YES;
				CLANG_WARN_OBJC_IMPLICIT_RETAIN_SELF = YES;
				CLANG_WARN_OBJC_LITERAL_CONVERSION = YES;
				CLANG_WARN_OBJC_ROOT_CLASS = YES_ERROR;
				CLANG_WARN_QUOTED_INCLUDE_IN_FRAMEWORK_HEADER = YES;
				CLANG_WARN_RANGE_LOOP_ANALYSIS = YES;
				CLANG_WARN_STRICT_PROTOTYPES = YES;
				CLANG_WARN_SUSPICIOUS_MOVE = YES;
				CLANG_WARN_UNGUARDED_AVAILABILITY = YES_AGGRESSIVE;
				CLANG_WARN_UNREACHABLE_CODE = YES;
				CLANG_WARN__DUPLICATE_METHOD_MATCH = YES;
				COPY_PHASE_STRIP = NO;
				DEBUG_INFORMATION_FORMAT = "dwarf-with-dsym";
				ENABLE_NS_ASSERTIONS = NO;
				ENABLE_STRICT_OBJC_MSGSEND = YES;
				GCC_C_LANGUAGE_STANDARD = gnu11;
				GCC_NO_COMMON_BLOCKS = YES;
				GCC_WARN_64_TO_32_BIT_CONVERSION = YES;
				GCC_WARN_ABOUT_RETURN_TYPE = YES_ERROR;
				GCC_WARN_UNDECLARED_SELECTOR = YES;
				GCC_WARN_UNINITIALIZED_AUTOS = YES_AGGRESSIVE;
				GCC_WARN_UNUSED_FUNCTION = YES;
				GCC_WARN_UNUSED_VARIABLE = YES;
				IPHONEOS_DEPLOYMENT_TARGET = 15.5;
				MTL_ENABLE_DEBUG_INFO = NO;
				MTL_FAST_MATH = YES;
				SDKROOT = iphoneos;
				SWIFT_COMPILATION_MODE = wholemodule;
				SWIFT_OPTIMIZATION_LEVEL = "-O";
				VALIDATE_PRODUCT = YES;
			};
			name = Release;
		};
		042DC2CB285B5B42008FB972 /* Debug */ = {
			isa = XCBuildConfiguration;
			buildSettings = {
				ASSETCATALOG_COMPILER_APPICON_NAME = AppIcon;
				ASSETCATALOG_COMPILER_GLOBAL_ACCENT_COLOR_NAME = AccentColor;
				CODE_SIGN_STYLE = Automatic;
				CURRENT_PROJECT_VERSION = 1;
				DEVELOPMENT_TEAM = TU6K7VWRVB;
				GENERATE_INFOPLIST_FILE = YES;
				INFOPLIST_FILE = MintynDigitalBank/Info.plist;
				INFOPLIST_KEY_UIApplicationSupportsIndirectInputEvents = YES;
				INFOPLIST_KEY_UILaunchStoryboardName = LaunchScreen;
				INFOPLIST_KEY_UISupportedInterfaceOrientations_iPad = "UIInterfaceOrientationPortrait UIInterfaceOrientationPortraitUpsideDown UIInterfaceOrientationLandscapeLeft UIInterfaceOrientationLandscapeRight";
				INFOPLIST_KEY_UISupportedInterfaceOrientations_iPhone = "UIInterfaceOrientationPortrait UIInterfaceOrientationLandscapeLeft UIInterfaceOrientationLandscapeRight";
				LD_RUNPATH_SEARCH_PATHS = (
					"$(inherited)",
					"@executable_path/Frameworks",
				);
				MARKETING_VERSION = 1.0;
				PRODUCT_BUNDLE_IDENTIFIER = com.ayanfesolutions.MintynDigitalBank;
				PRODUCT_NAME = "$(TARGET_NAME)";
				SWIFT_EMIT_LOC_STRINGS = YES;
				SWIFT_VERSION = 5.0;
				TARGETED_DEVICE_FAMILY = "1,2";
			};
			name = Debug;
		};
		042DC2CC285B5B42008FB972 /* Release */ = {
			isa = XCBuildConfiguration;
			buildSettings = {
				ASSETCATALOG_COMPILER_APPICON_NAME = AppIcon;
				ASSETCATALOG_COMPILER_GLOBAL_ACCENT_COLOR_NAME = AccentColor;
				CODE_SIGN_STYLE = Automatic;
				CURRENT_PROJECT_VERSION = 1;
				DEVELOPMENT_TEAM = TU6K7VWRVB;
				GENERATE_INFOPLIST_FILE = YES;
				INFOPLIST_FILE = MintynDigitalBank/Info.plist;
				INFOPLIST_KEY_UIApplicationSupportsIndirectInputEvents = YES;
				INFOPLIST_KEY_UILaunchStoryboardName = LaunchScreen;
				INFOPLIST_KEY_UISupportedInterfaceOrientations_iPad = "UIInterfaceOrientationPortrait UIInterfaceOrientationPortraitUpsideDown UIInterfaceOrientationLandscapeLeft UIInterfaceOrientationLandscapeRight";
				INFOPLIST_KEY_UISupportedInterfaceOrientations_iPhone = "UIInterfaceOrientationPortrait UIInterfaceOrientationLandscapeLeft UIInterfaceOrientationLandscapeRight";
				LD_RUNPATH_SEARCH_PATHS = (
					"$(inherited)",
					"@executable_path/Frameworks",
				);
				MARKETING_VERSION = 1.0;
				PRODUCT_BUNDLE_IDENTIFIER = com.ayanfesolutions.MintynDigitalBank;
				PRODUCT_NAME = "$(TARGET_NAME)";
				SWIFT_EMIT_LOC_STRINGS = YES;
				SWIFT_VERSION = 5.0;
				TARGETED_DEVICE_FAMILY = "1,2";
			};
			name = Release;
		};
		042DC2CE285B5B42008FB972 /* Debug */ = {
			isa = XCBuildConfiguration;
			buildSettings = {
				ALWAYS_EMBED_SWIFT_STANDARD_LIBRARIES = YES;
				BUNDLE_LOADER = "$(TEST_HOST)";
				CODE_SIGN_STYLE = Automatic;
				CURRENT_PROJECT_VERSION = 1;
				DEVELOPMENT_TEAM = TU6K7VWRVB;
				GENERATE_INFOPLIST_FILE = YES;
				IPHONEOS_DEPLOYMENT_TARGET = 15.5;
				MARKETING_VERSION = 1.0;
				PRODUCT_BUNDLE_IDENTIFIER = com.ayanfesolutions.MintynDigitalBankTests;
				PRODUCT_NAME = "$(TARGET_NAME)";
				SWIFT_EMIT_LOC_STRINGS = NO;
				SWIFT_VERSION = 5.0;
				TARGETED_DEVICE_FAMILY = "1,2";
				TEST_HOST = "$(BUILT_PRODUCTS_DIR)/MintynDigitalBank.app/MintynDigitalBank";
			};
			name = Debug;
		};
		042DC2CF285B5B42008FB972 /* Release */ = {
			isa = XCBuildConfiguration;
			buildSettings = {
				ALWAYS_EMBED_SWIFT_STANDARD_LIBRARIES = YES;
				BUNDLE_LOADER = "$(TEST_HOST)";
				CODE_SIGN_STYLE = Automatic;
				CURRENT_PROJECT_VERSION = 1;
				DEVELOPMENT_TEAM = TU6K7VWRVB;
				GENERATE_INFOPLIST_FILE = YES;
				IPHONEOS_DEPLOYMENT_TARGET = 15.5;
				MARKETING_VERSION = 1.0;
				PRODUCT_BUNDLE_IDENTIFIER = com.ayanfesolutions.MintynDigitalBankTests;
				PRODUCT_NAME = "$(TARGET_NAME)";
				SWIFT_EMIT_LOC_STRINGS = NO;
				SWIFT_VERSION = 5.0;
				TARGETED_DEVICE_FAMILY = "1,2";
				TEST_HOST = "$(BUILT_PRODUCTS_DIR)/MintynDigitalBank.app/MintynDigitalBank";
			};
			name = Release;
		};
		042DC2D1285B5B42008FB972 /* Debug */ = {
			isa = XCBuildConfiguration;
			buildSettings = {
				ALWAYS_EMBED_SWIFT_STANDARD_LIBRARIES = YES;
				CODE_SIGN_STYLE = Automatic;
				CURRENT_PROJECT_VERSION = 1;
				DEVELOPMENT_TEAM = TU6K7VWRVB;
				GENERATE_INFOPLIST_FILE = YES;
				MARKETING_VERSION = 1.0;
				PRODUCT_BUNDLE_IDENTIFIER = com.ayanfesolutions.MintynDigitalBankUITests;
				PRODUCT_NAME = "$(TARGET_NAME)";
				SWIFT_EMIT_LOC_STRINGS = NO;
				SWIFT_VERSION = 5.0;
				TARGETED_DEVICE_FAMILY = "1,2";
				TEST_TARGET_NAME = MintynDigitalBank;
			};
			name = Debug;
		};
		042DC2D2285B5B42008FB972 /* Release */ = {
			isa = XCBuildConfiguration;
			buildSettings = {
				ALWAYS_EMBED_SWIFT_STANDARD_LIBRARIES = YES;
				CODE_SIGN_STYLE = Automatic;
				CURRENT_PROJECT_VERSION = 1;
				DEVELOPMENT_TEAM = TU6K7VWRVB;
				GENERATE_INFOPLIST_FILE = YES;
				MARKETING_VERSION = 1.0;
				PRODUCT_BUNDLE_IDENTIFIER = com.ayanfesolutions.MintynDigitalBankUITests;
				PRODUCT_NAME = "$(TARGET_NAME)";
				SWIFT_EMIT_LOC_STRINGS = NO;
				SWIFT_VERSION = 5.0;
				TARGETED_DEVICE_FAMILY = "1,2";
				TEST_TARGET_NAME = MintynDigitalBank;
			};
			name = Release;
		};
/* End XCBuildConfiguration section */

/* Begin XCConfigurationList section */
		042DC29B285B5B3F008FB972 /* Build configuration list for PBXProject "MintynDigitalBank" */ = {
			isa = XCConfigurationList;
			buildConfigurations = (
				042DC2C8285B5B42008FB972 /* Debug */,
				042DC2C9285B5B42008FB972 /* Release */,
			);
			defaultConfigurationIsVisible = 0;
			defaultConfigurationName = Release;
		};
		042DC2CA285B5B42008FB972 /* Build configuration list for PBXNativeTarget "MintynDigitalBank" */ = {
			isa = XCConfigurationList;
			buildConfigurations = (
				042DC2CB285B5B42008FB972 /* Debug */,
				042DC2CC285B5B42008FB972 /* Release */,
			);
			defaultConfigurationIsVisible = 0;
			defaultConfigurationName = Release;
		};
		042DC2CD285B5B42008FB972 /* Build configuration list for PBXNativeTarget "MintynDigitalBankTests" */ = {
			isa = XCConfigurationList;
			buildConfigurations = (
				042DC2CE285B5B42008FB972 /* Debug */,
				042DC2CF285B5B42008FB972 /* Release */,
			);
			defaultConfigurationIsVisible = 0;
			defaultConfigurationName = Release;
		};
		042DC2D0285B5B42008FB972 /* Build configuration list for PBXNativeTarget "MintynDigitalBankUITests" */ = {
			isa = XCConfigurationList;
			buildConfigurations = (
				042DC2D1285B5B42008FB972 /* Debug */,
				042DC2D2285B5B42008FB972 /* Release */,
			);
			defaultConfigurationIsVisible = 0;
			defaultConfigurationName = Release;
		};
/* End XCConfigurationList section */
	};
	rootObject = 042DC298285B5B3F008FB972 /* Project object */;
}
